// !$*UTF8*$!
{
	archiveVersion = 1;
	classes = {
	};
	objectVersion = 46;
	objects = {

/* Begin PBXBuildFile section */
		3827822F18B8CE920036238A /* TXConsts.m in Sources */ = {isa = PBXBuildFile; fileRef = 3827822618B8CE920036238A /* TXConsts.m */; };
		3827823018B8CE920036238A /* TXModelBase.m in Sources */ = {isa = PBXBuildFile; fileRef = 3827822818B8CE920036238A /* TXModelBase.m */; };
		3827823118B8CE920036238A /* TXUserModel.m in Sources */ = {isa = PBXBuildFile; fileRef = 3827822A18B8CE920036238A /* TXUserModel.m */; };
		3827823218B8CE920036238A /* TXVM.m in Sources */ = {isa = PBXBuildFile; fileRef = 3827822C18B8CE920036238A /* TXVM.m */; };
		3827823318B8CE920036238A /* Types.m in Sources */ = {isa = PBXBuildFile; fileRef = 3827822E18B8CE920036238A /* Types.m */; };
		3827823F18B8D5F40036238A /* TXBaseObj.m in Sources */ = {isa = PBXBuildFile; fileRef = 3827823A18B8D5F40036238A /* TXBaseObj.m */; };
		3827824018B8D5F40036238A /* TXPropertyConsts.m in Sources */ = {isa = PBXBuildFile; fileRef = 3827823C18B8D5F40036238A /* TXPropertyConsts.m */; };
		3827824118B8D5F40036238A /* TXUser.m in Sources */ = {isa = PBXBuildFile; fileRef = 3827823E18B8D5F40036238A /* TXUser.m */; };
		3827824418B8E55F0036238A /* TXUserAPITest.m in Sources */ = {isa = PBXBuildFile; fileRef = 3827824318B8E55F0036238A /* TXUserAPITest.m */; };
		3827824718BA023D0036238A /* FacebookSDK.framework in Frameworks */ = {isa = PBXBuildFile; fileRef = 3827824618BA023D0036238A /* FacebookSDK.framework */; };
		3865DC9A188C13970044A0DC /* Foundation.framework in Frameworks */ = {isa = PBXBuildFile; fileRef = 3865DC99188C13970044A0DC /* Foundation.framework */; };
		3865DC9C188C13970044A0DC /* CoreGraphics.framework in Frameworks */ = {isa = PBXBuildFile; fileRef = 3865DC9B188C13970044A0DC /* CoreGraphics.framework */; };
		3865DC9E188C13970044A0DC /* UIKit.framework in Frameworks */ = {isa = PBXBuildFile; fileRef = 3865DC9D188C13970044A0DC /* UIKit.framework */; };
		3865DCA4188C13970044A0DC /* InfoPlist.strings in Resources */ = {isa = PBXBuildFile; fileRef = 3865DCA2188C13970044A0DC /* InfoPlist.strings */; };
		3865DCA6188C13970044A0DC /* main.m in Sources */ = {isa = PBXBuildFile; fileRef = 3865DCA5188C13970044A0DC /* main.m */; };
		3865DCAA188C13970044A0DC /* TXAppDelegate.m in Sources */ = {isa = PBXBuildFile; fileRef = 3865DCA9188C13970044A0DC /* TXAppDelegate.m */; };
		3865DCAD188C13970044A0DC /* Main_iPhone.storyboard in Resources */ = {isa = PBXBuildFile; fileRef = 3865DCAB188C13970044A0DC /* Main_iPhone.storyboard */; };
		3865DCB0188C13970044A0DC /* Main_iPad.storyboard in Resources */ = {isa = PBXBuildFile; fileRef = 3865DCAE188C13970044A0DC /* Main_iPad.storyboard */; };
		3865DCB5188C13970044A0DC /* Images.xcassets in Resources */ = {isa = PBXBuildFile; fileRef = 3865DCB4188C13970044A0DC /* Images.xcassets */; };
		3865DCBC188C13970044A0DC /* XCTest.framework in Frameworks */ = {isa = PBXBuildFile; fileRef = 3865DCBB188C13970044A0DC /* XCTest.framework */; };
		3865DCBD188C13970044A0DC /* Foundation.framework in Frameworks */ = {isa = PBXBuildFile; fileRef = 3865DC99188C13970044A0DC /* Foundation.framework */; };
		3865DCBE188C13970044A0DC /* UIKit.framework in Frameworks */ = {isa = PBXBuildFile; fileRef = 3865DC9D188C13970044A0DC /* UIKit.framework */; };
		3865DCC6188C13970044A0DC /* InfoPlist.strings in Resources */ = {isa = PBXBuildFile; fileRef = 3865DCC4188C13970044A0DC /* InfoPlist.strings */; };
		3865DCC8188C13970044A0DC /* TaxiTests.m in Sources */ = {isa = PBXBuildFile; fileRef = 3865DCC7188C13970044A0DC /* TaxiTests.m */; };
		38BE647318AA7265006BD587 /* libsqlite3.dylib in Frameworks */ = {isa = PBXBuildFile; fileRef = 38BE647218AA7265006BD587 /* libsqlite3.dylib */; };
		38C4F7F218AD024000D6B2CC /* MapKit.framework in Frameworks */ = {isa = PBXBuildFile; fileRef = 38C4F7F118AD024000D6B2CC /* MapKit.framework */; };
		38D464EF188E804C005B3A74 /* libtaxiLib.a in Frameworks */ = {isa = PBXBuildFile; fileRef = 38D4649F188E7EC2005B3A74 /* libtaxiLib.a */; };
		38D464FA188E9056005B3A74 /* taxi.bundle in Resources */ = {isa = PBXBuildFile; fileRef = 38D464F9188E9056005B3A74 /* taxi.bundle */; };
		38D6DF8D18BB5FA9004A0E81 /* TXRegisterVC.m in Sources */ = {isa = PBXBuildFile; fileRef = 38D6DF8C18BB5FA9004A0E81 /* TXRegisterVC.m */; };
		38D6DF9B18BB5FE6004A0E81 /* TXCenterVC.m in Sources */ = {isa = PBXBuildFile; fileRef = 38D6DF9018BB5FE6004A0E81 /* TXCenterVC.m */; };
		38D6DF9C18BB5FE6004A0E81 /* TXLeftVC.m in Sources */ = {isa = PBXBuildFile; fileRef = 38D6DF9218BB5FE6004A0E81 /* TXLeftVC.m */; };
		38D6DF9D18BB5FE6004A0E81 /* TXRightVC.m in Sources */ = {isa = PBXBuildFile; fileRef = 38D6DF9418BB5FE6004A0E81 /* TXRightVC.m */; };
		38D6DF9E18BB5FE6004A0E81 /* TXSidePanelVC.m in Sources */ = {isa = PBXBuildFile; fileRef = 38D6DF9618BB5FE6004A0E81 /* TXSidePanelVC.m */; };
		38D6DFA018BB5FE6004A0E81 /* UIViewController+TXSidePanel.m in Sources */ = {isa = PBXBuildFile; fileRef = 38D6DF9A18BB5FE6004A0E81 /* UIViewController+TXSidePanel.m */; };
/* End PBXBuildFile section */

/* Begin PBXContainerItemProxy section */
		3865DCBF188C13970044A0DC /* PBXContainerItemProxy */ = {
			isa = PBXContainerItemProxy;
			containerPortal = 3865DC8E188C13970044A0DC /* Project object */;
			proxyType = 1;
			remoteGlobalIDString = 3865DC95188C13970044A0DC;
			remoteInfo = Taxi;
		};
		38D4649E188E7EC2005B3A74 /* PBXContainerItemProxy */ = {
			isa = PBXContainerItemProxy;
			containerPortal = 38D46499188E7EC2005B3A74 /* taxiLib.xcodeproj */;
			proxyType = 2;
			remoteGlobalIDString = 38D46470188E7EC2005B3A74;
			remoteInfo = taxiLib;
		};
		38D464A0188E7EC2005B3A74 /* PBXContainerItemProxy */ = {
			isa = PBXContainerItemProxy;
			containerPortal = 38D46499188E7EC2005B3A74 /* taxiLib.xcodeproj */;
			proxyType = 2;
			remoteGlobalIDString = 38D46480188E7EC2005B3A74;
			remoteInfo = taxiLibTests;
		};
		38D464ED188E803F005B3A74 /* PBXContainerItemProxy */ = {
			isa = PBXContainerItemProxy;
			containerPortal = 38D46499188E7EC2005B3A74 /* taxiLib.xcodeproj */;
			proxyType = 1;
			remoteGlobalIDString = 38D4646F188E7EC2005B3A74;
			remoteInfo = taxiLib;
		};
/* End PBXContainerItemProxy section */

/* Begin PBXFileReference section */
		3827822518B8CE920036238A /* TXConsts.h */ = {isa = PBXFileReference; fileEncoding = 4; lastKnownFileType = sourcecode.c.h; name = TXConsts.h; path = model/TXConsts.h; sourceTree = "<group>"; };
		3827822618B8CE920036238A /* TXConsts.m */ = {isa = PBXFileReference; fileEncoding = 4; lastKnownFileType = sourcecode.c.objc; name = TXConsts.m; path = model/TXConsts.m; sourceTree = "<group>"; };
		3827822718B8CE920036238A /* TXModelBase.h */ = {isa = PBXFileReference; fileEncoding = 4; lastKnownFileType = sourcecode.c.h; name = TXModelBase.h; path = model/TXModelBase.h; sourceTree = "<group>"; };
		3827822818B8CE920036238A /* TXModelBase.m */ = {isa = PBXFileReference; fileEncoding = 4; lastKnownFileType = sourcecode.c.objc; name = TXModelBase.m; path = model/TXModelBase.m; sourceTree = "<group>"; };
		3827822918B8CE920036238A /* TXUserModel.h */ = {isa = PBXFileReference; fileEncoding = 4; lastKnownFileType = sourcecode.c.h; name = TXUserModel.h; path = model/TXUserModel.h; sourceTree = "<group>"; };
		3827822A18B8CE920036238A /* TXUserModel.m */ = {isa = PBXFileReference; fileEncoding = 4; lastKnownFileType = sourcecode.c.objc; name = TXUserModel.m; path = model/TXUserModel.m; sourceTree = "<group>"; };
		3827822B18B8CE920036238A /* TXVM.h */ = {isa = PBXFileReference; fileEncoding = 4; lastKnownFileType = sourcecode.c.h; name = TXVM.h; path = model/TXVM.h; sourceTree = "<group>"; };
		3827822C18B8CE920036238A /* TXVM.m */ = {isa = PBXFileReference; fileEncoding = 4; lastKnownFileType = sourcecode.c.objc; name = TXVM.m; path = model/TXVM.m; sourceTree = "<group>"; };
		3827822D18B8CE920036238A /* Types.h */ = {isa = PBXFileReference; fileEncoding = 4; lastKnownFileType = sourcecode.c.h; name = Types.h; path = model/Types.h; sourceTree = "<group>"; };
		3827822E18B8CE920036238A /* Types.m */ = {isa = PBXFileReference; fileEncoding = 4; lastKnownFileType = sourcecode.c.objc; name = Types.m; path = model/Types.m; sourceTree = "<group>"; };
		3827823918B8D5F40036238A /* TXBaseObj.h */ = {isa = PBXFileReference; fileEncoding = 4; lastKnownFileType = sourcecode.c.h; path = TXBaseObj.h; sourceTree = "<group>"; };
		3827823A18B8D5F40036238A /* TXBaseObj.m */ = {isa = PBXFileReference; fileEncoding = 4; lastKnownFileType = sourcecode.c.objc; path = TXBaseObj.m; sourceTree = "<group>"; };
		3827823B18B8D5F40036238A /* TXPropertyConsts.h */ = {isa = PBXFileReference; fileEncoding = 4; lastKnownFileType = sourcecode.c.h; path = TXPropertyConsts.h; sourceTree = "<group>"; };
		3827823C18B8D5F40036238A /* TXPropertyConsts.m */ = {isa = PBXFileReference; fileEncoding = 4; lastKnownFileType = sourcecode.c.objc; path = TXPropertyConsts.m; sourceTree = "<group>"; };
		3827823D18B8D5F40036238A /* TXUser.h */ = {isa = PBXFileReference; fileEncoding = 4; lastKnownFileType = sourcecode.c.h; path = TXUser.h; sourceTree = "<group>"; };
		3827823E18B8D5F40036238A /* TXUser.m */ = {isa = PBXFileReference; fileEncoding = 4; lastKnownFileType = sourcecode.c.objc; path = TXUser.m; sourceTree = "<group>"; };
		3827824218B8E55F0036238A /* TXUserAPITest.h */ = {isa = PBXFileReference; fileEncoding = 4; lastKnownFileType = sourcecode.c.h; path = TXUserAPITest.h; sourceTree = "<group>"; };
		3827824318B8E55F0036238A /* TXUserAPITest.m */ = {isa = PBXFileReference; fileEncoding = 4; lastKnownFileType = sourcecode.c.objc; path = TXUserAPITest.m; sourceTree = "<group>"; };
		3827824618BA023D0036238A /* FacebookSDK.framework */ = {isa = PBXFileReference; lastKnownFileType = wrapper.framework; path = FacebookSDK.framework; sourceTree = "<group>"; };
		3865DC96188C13970044A0DC /* Taxi.app */ = {isa = PBXFileReference; explicitFileType = wrapper.application; includeInIndex = 0; path = Taxi.app; sourceTree = BUILT_PRODUCTS_DIR; };
		3865DC99188C13970044A0DC /* Foundation.framework */ = {isa = PBXFileReference; lastKnownFileType = wrapper.framework; name = Foundation.framework; path = System/Library/Frameworks/Foundation.framework; sourceTree = SDKROOT; };
		3865DC9B188C13970044A0DC /* CoreGraphics.framework */ = {isa = PBXFileReference; lastKnownFileType = wrapper.framework; name = CoreGraphics.framework; path = System/Library/Frameworks/CoreGraphics.framework; sourceTree = SDKROOT; };
		3865DC9D188C13970044A0DC /* UIKit.framework */ = {isa = PBXFileReference; lastKnownFileType = wrapper.framework; name = UIKit.framework; path = System/Library/Frameworks/UIKit.framework; sourceTree = SDKROOT; };
		3865DCA1188C13970044A0DC /* Taxi-Info.plist */ = {isa = PBXFileReference; lastKnownFileType = text.plist.xml; path = "Taxi-Info.plist"; sourceTree = "<group>"; };
		3865DCA3188C13970044A0DC /* en */ = {isa = PBXFileReference; lastKnownFileType = text.plist.strings; name = en; path = en.lproj/InfoPlist.strings; sourceTree = "<group>"; };
		3865DCA5188C13970044A0DC /* main.m */ = {isa = PBXFileReference; lastKnownFileType = sourcecode.c.objc; path = main.m; sourceTree = "<group>"; };
		3865DCA7188C13970044A0DC /* Taxi-Prefix.pch */ = {isa = PBXFileReference; lastKnownFileType = sourcecode.c.h; path = "Taxi-Prefix.pch"; sourceTree = "<group>"; };
		3865DCA8188C13970044A0DC /* TXAppDelegate.h */ = {isa = PBXFileReference; lastKnownFileType = sourcecode.c.h; path = TXAppDelegate.h; sourceTree = "<group>"; };
		3865DCA9188C13970044A0DC /* TXAppDelegate.m */ = {isa = PBXFileReference; lastKnownFileType = sourcecode.c.objc; path = TXAppDelegate.m; sourceTree = "<group>"; };
		3865DCAC188C13970044A0DC /* Base */ = {isa = PBXFileReference; lastKnownFileType = file.storyboard; name = Base; path = Base.lproj/Main_iPhone.storyboard; sourceTree = "<group>"; };
		3865DCAF188C13970044A0DC /* Base */ = {isa = PBXFileReference; lastKnownFileType = file.storyboard; name = Base; path = Base.lproj/Main_iPad.storyboard; sourceTree = "<group>"; };
		3865DCB4188C13970044A0DC /* Images.xcassets */ = {isa = PBXFileReference; lastKnownFileType = folder.assetcatalog; path = Images.xcassets; sourceTree = "<group>"; };
		3865DCBA188C13970044A0DC /* TaxiTests.xctest */ = {isa = PBXFileReference; explicitFileType = wrapper.cfbundle; includeInIndex = 0; path = TaxiTests.xctest; sourceTree = BUILT_PRODUCTS_DIR; };
		3865DCBB188C13970044A0DC /* XCTest.framework */ = {isa = PBXFileReference; lastKnownFileType = wrapper.framework; name = XCTest.framework; path = Library/Frameworks/XCTest.framework; sourceTree = DEVELOPER_DIR; };
		3865DCC3188C13970044A0DC /* TaxiTests-Info.plist */ = {isa = PBXFileReference; lastKnownFileType = text.plist.xml; path = "TaxiTests-Info.plist"; sourceTree = "<group>"; };
		3865DCC5188C13970044A0DC /* en */ = {isa = PBXFileReference; lastKnownFileType = text.plist.strings; name = en; path = en.lproj/InfoPlist.strings; sourceTree = "<group>"; };
		3865DCC7188C13970044A0DC /* TaxiTests.m */ = {isa = PBXFileReference; lastKnownFileType = sourcecode.c.objc; path = TaxiTests.m; sourceTree = "<group>"; };
		38BE647218AA7265006BD587 /* libsqlite3.dylib */ = {isa = PBXFileReference; lastKnownFileType = "compiled.mach-o.dylib"; name = libsqlite3.dylib; path = usr/lib/libsqlite3.dylib; sourceTree = SDKROOT; };
		38C4F7F118AD024000D6B2CC /* MapKit.framework */ = {isa = PBXFileReference; lastKnownFileType = wrapper.framework; name = MapKit.framework; path = System/Library/Frameworks/MapKit.framework; sourceTree = SDKROOT; };
		38D46499188E7EC2005B3A74 /* taxiLib.xcodeproj */ = {isa = PBXFileReference; lastKnownFileType = "wrapper.pb-project"; name = taxiLib.xcodeproj; path = taxiLib/taxiLib.xcodeproj; sourceTree = "<group>"; };
		38D464F9188E9056005B3A74 /* taxi.bundle */ = {isa = PBXFileReference; lastKnownFileType = "wrapper.plug-in"; name = taxi.bundle; path = taxiLib/taxi.bundle; sourceTree = "<group>"; };
		38D6DF8B18BB5FA9004A0E81 /* TXRegisterVC.h */ = {isa = PBXFileReference; fileEncoding = 4; lastKnownFileType = sourcecode.c.h; path = TXRegisterVC.h; sourceTree = "<group>"; };
		38D6DF8C18BB5FA9004A0E81 /* TXRegisterVC.m */ = {isa = PBXFileReference; fileEncoding = 4; lastKnownFileType = sourcecode.c.objc; path = TXRegisterVC.m; sourceTree = "<group>"; };
		38D6DF8F18BB5FE6004A0E81 /* TXCenterVC.h */ = {isa = PBXFileReference; fileEncoding = 4; lastKnownFileType = sourcecode.c.h; path = TXCenterVC.h; sourceTree = "<group>"; };
		38D6DF9018BB5FE6004A0E81 /* TXCenterVC.m */ = {isa = PBXFileReference; fileEncoding = 4; lastKnownFileType = sourcecode.c.objc; path = TXCenterVC.m; sourceTree = "<group>"; };
		38D6DF9118BB5FE6004A0E81 /* TXLeftVC.h */ = {isa = PBXFileReference; fileEncoding = 4; lastKnownFileType = sourcecode.c.h; path = TXLeftVC.h; sourceTree = "<group>"; };
		38D6DF9218BB5FE6004A0E81 /* TXLeftVC.m */ = {isa = PBXFileReference; fileEncoding = 4; lastKnownFileType = sourcecode.c.objc; path = TXLeftVC.m; sourceTree = "<group>"; };
		38D6DF9318BB5FE6004A0E81 /* TXRightVC.h */ = {isa = PBXFileReference; fileEncoding = 4; lastKnownFileType = sourcecode.c.h; path = TXRightVC.h; sourceTree = "<group>"; };
		38D6DF9418BB5FE6004A0E81 /* TXRightVC.m */ = {isa = PBXFileReference; fileEncoding = 4; lastKnownFileType = sourcecode.c.objc; path = TXRightVC.m; sourceTree = "<group>"; };
		38D6DF9518BB5FE6004A0E81 /* TXSidePanelVC.h */ = {isa = PBXFileReference; fileEncoding = 4; lastKnownFileType = sourcecode.c.h; path = TXSidePanelVC.h; sourceTree = "<group>"; };
		38D6DF9618BB5FE6004A0E81 /* TXSidePanelVC.m */ = {isa = PBXFileReference; fileEncoding = 4; lastKnownFileType = sourcecode.c.objc; path = TXSidePanelVC.m; sourceTree = "<group>"; };
		38D6DF9918BB5FE6004A0E81 /* UIViewController+TXSidePanel.h */ = {isa = PBXFileReference; fileEncoding = 4; lastKnownFileType = sourcecode.c.h; path = "UIViewController+TXSidePanel.h"; sourceTree = "<group>"; };
		38D6DF9A18BB5FE6004A0E81 /* UIViewController+TXSidePanel.m */ = {isa = PBXFileReference; fileEncoding = 4; lastKnownFileType = sourcecode.c.objc; path = "UIViewController+TXSidePanel.m"; sourceTree = "<group>"; };
/* End PBXFileReference section */

/* Begin PBXFrameworksBuildPhase section */
		3865DC93188C13970044A0DC /* Frameworks */ = {
			isa = PBXFrameworksBuildPhase;
			buildActionMask = 2147483647;
			files = (
				38C4F7F218AD024000D6B2CC /* MapKit.framework in Frameworks */,
				38BE647318AA7265006BD587 /* libsqlite3.dylib in Frameworks */,
				38D464EF188E804C005B3A74 /* libtaxiLib.a in Frameworks */,
				3865DC9C188C13970044A0DC /* CoreGraphics.framework in Frameworks */,
				3865DC9E188C13970044A0DC /* UIKit.framework in Frameworks */,
				3865DC9A188C13970044A0DC /* Foundation.framework in Frameworks */,
				3827824718BA023D0036238A /* FacebookSDK.framework in Frameworks */,
			);
			runOnlyForDeploymentPostprocessing = 0;
		};
		3865DCB7188C13970044A0DC /* Frameworks */ = {
			isa = PBXFrameworksBuildPhase;
			buildActionMask = 2147483647;
			files = (
				3865DCBC188C13970044A0DC /* XCTest.framework in Frameworks */,
				3865DCBE188C13970044A0DC /* UIKit.framework in Frameworks */,
				3865DCBD188C13970044A0DC /* Foundation.framework in Frameworks */,
			);
			runOnlyForDeploymentPostprocessing = 0;
		};
/* End PBXFrameworksBuildPhase section */

/* Begin PBXGroup section */
		3827823818B8D5F40036238A /* obj */ = {
			isa = PBXGroup;
			children = (
				3827823918B8D5F40036238A /* TXBaseObj.h */,
				3827823A18B8D5F40036238A /* TXBaseObj.m */,
				3827823B18B8D5F40036238A /* TXPropertyConsts.h */,
				3827823C18B8D5F40036238A /* TXPropertyConsts.m */,
				3827823D18B8D5F40036238A /* TXUser.h */,
				3827823E18B8D5F40036238A /* TXUser.m */,
			);
			name = obj;
			path = model/obj;
			sourceTree = "<group>";
		};
		3827824518B8E8560036238A /* ViewControllers */ = {
			isa = PBXGroup;
			children = (
				38D6DF8A18BB5FA9004A0E81 /* LeftMenu */,
				38D6DF8B18BB5FA9004A0E81 /* TXRegisterVC.h */,
				38D6DF8C18BB5FA9004A0E81 /* TXRegisterVC.m */,
			);
			path = ViewControllers;
			sourceTree = "<group>";
		};
		3865DC8D188C13970044A0DC = {
			isa = PBXGroup;
			children = (
				38D464F9188E9056005B3A74 /* taxi.bundle */,
				38D46499188E7EC2005B3A74 /* taxiLib.xcodeproj */,
				3865DC9F188C13970044A0DC /* Taxi */,
				3865DCC1188C13970044A0DC /* TaxiTests */,
				3865DC98188C13970044A0DC /* Frameworks */,
				3865DC97188C13970044A0DC /* Products */,
			);
			sourceTree = "<group>";
		};
		3865DC97188C13970044A0DC /* Products */ = {
			isa = PBXGroup;
			children = (
				3865DC96188C13970044A0DC /* Taxi.app */,
				3865DCBA188C13970044A0DC /* TaxiTests.xctest */,
			);
			name = Products;
			sourceTree = "<group>";
		};
		3865DC98188C13970044A0DC /* Frameworks */ = {
			isa = PBXGroup;
			children = (
				3827824618BA023D0036238A /* FacebookSDK.framework */,
				38C4F7F118AD024000D6B2CC /* MapKit.framework */,
				38BE647218AA7265006BD587 /* libsqlite3.dylib */,
				3865DC99188C13970044A0DC /* Foundation.framework */,
				3865DC9B188C13970044A0DC /* CoreGraphics.framework */,
				3865DC9D188C13970044A0DC /* UIKit.framework */,
				3865DCBB188C13970044A0DC /* XCTest.framework */,
			);
			name = Frameworks;
			sourceTree = "<group>";
		};
		3865DC9F188C13970044A0DC /* Taxi */ = {
			isa = PBXGroup;
			children = (
				3827824518B8E8560036238A /* ViewControllers */,
				386E137C18954E7400DF4CB8 /* model */,
				3865DCA8188C13970044A0DC /* TXAppDelegate.h */,
				3865DCA9188C13970044A0DC /* TXAppDelegate.m */,
				3865DCAB188C13970044A0DC /* Main_iPhone.storyboard */,
				3865DCAE188C13970044A0DC /* Main_iPad.storyboard */,
				3865DCB4188C13970044A0DC /* Images.xcassets */,
				3865DCA0188C13970044A0DC /* Supporting Files */,
				3827824218B8E55F0036238A /* TXUserAPITest.h */,
				3827824318B8E55F0036238A /* TXUserAPITest.m */,
			);
			path = Taxi;
			sourceTree = "<group>";
		};
		3865DCA0188C13970044A0DC /* Supporting Files */ = {
			isa = PBXGroup;
			children = (
				3865DCA1188C13970044A0DC /* Taxi-Info.plist */,
				3865DCA2188C13970044A0DC /* InfoPlist.strings */,
				3865DCA5188C13970044A0DC /* main.m */,
				3865DCA7188C13970044A0DC /* Taxi-Prefix.pch */,
			);
			name = "Supporting Files";
			sourceTree = "<group>";
		};
		3865DCC1188C13970044A0DC /* TaxiTests */ = {
			isa = PBXGroup;
			children = (
				3865DCC7188C13970044A0DC /* TaxiTests.m */,
				3865DCC2188C13970044A0DC /* Supporting Files */,
			);
			path = TaxiTests;
			sourceTree = "<group>";
		};
		3865DCC2188C13970044A0DC /* Supporting Files */ = {
			isa = PBXGroup;
			children = (
				3865DCC3188C13970044A0DC /* TaxiTests-Info.plist */,
				3865DCC4188C13970044A0DC /* InfoPlist.strings */,
			);
			name = "Supporting Files";
			sourceTree = "<group>";
		};
		386E137C18954E7400DF4CB8 /* model */ = {
			isa = PBXGroup;
			children = (
				3827823818B8D5F40036238A /* obj */,
				3827822518B8CE920036238A /* TXConsts.h */,
				3827822618B8CE920036238A /* TXConsts.m */,
				3827822718B8CE920036238A /* TXModelBase.h */,
				3827822818B8CE920036238A /* TXModelBase.m */,
				3827822918B8CE920036238A /* TXUserModel.h */,
				3827822A18B8CE920036238A /* TXUserModel.m */,
				3827822B18B8CE920036238A /* TXVM.h */,
				3827822C18B8CE920036238A /* TXVM.m */,
				3827822D18B8CE920036238A /* Types.h */,
				3827822E18B8CE920036238A /* Types.m */,
			);
			name = model;
			sourceTree = "<group>";
		};
		38D4649A188E7EC2005B3A74 /* Products */ = {
			isa = PBXGroup;
			children = (
				38D4649F188E7EC2005B3A74 /* libtaxiLib.a */,
				38D464A1188E7EC2005B3A74 /* taxiLibTests.xctest */,
			);
			name = Products;
			sourceTree = "<group>";
		};
		38D6DF8A18BB5FA9004A0E81 /* LeftMenu */ = {
			isa = PBXGroup;
			children = (
				38D6DF8F18BB5FE6004A0E81 /* TXCenterVC.h */,
				38D6DF9018BB5FE6004A0E81 /* TXCenterVC.m */,
				38D6DF9118BB5FE6004A0E81 /* TXLeftVC.h */,
				38D6DF9218BB5FE6004A0E81 /* TXLeftVC.m */,
				38D6DF9318BB5FE6004A0E81 /* TXRightVC.h */,
				38D6DF9418BB5FE6004A0E81 /* TXRightVC.m */,
				38D6DF9518BB5FE6004A0E81 /* TXSidePanelVC.h */,
				38D6DF9618BB5FE6004A0E81 /* TXSidePanelVC.m */,
				38D6DF9918BB5FE6004A0E81 /* UIViewController+TXSidePanel.h */,
				38D6DF9A18BB5FE6004A0E81 /* UIViewController+TXSidePanel.m */,
			);
			path = LeftMenu;
			sourceTree = "<group>";
		};
/* End PBXGroup section */

/* Begin PBXNativeTarget section */
		3865DC95188C13970044A0DC /* Taxi */ = {
			isa = PBXNativeTarget;
			buildConfigurationList = 3865DCCB188C13970044A0DC /* Build configuration list for PBXNativeTarget "Taxi" */;
			buildPhases = (
				3865DC92188C13970044A0DC /* Sources */,
				3865DC93188C13970044A0DC /* Frameworks */,
				3865DC94188C13970044A0DC /* Resources */,
			);
			buildRules = (
			);
			dependencies = (
				38D464EE188E803F005B3A74 /* PBXTargetDependency */,
			);
			name = Taxi;
			productName = Taxi;
			productReference = 3865DC96188C13970044A0DC /* Taxi.app */;
			productType = "com.apple.product-type.application";
		};
		3865DCB9188C13970044A0DC /* TaxiTests */ = {
			isa = PBXNativeTarget;
			buildConfigurationList = 3865DCCE188C13970044A0DC /* Build configuration list for PBXNativeTarget "TaxiTests" */;
			buildPhases = (
				3865DCB6188C13970044A0DC /* Sources */,
				3865DCB7188C13970044A0DC /* Frameworks */,
				3865DCB8188C13970044A0DC /* Resources */,
			);
			buildRules = (
			);
			dependencies = (
				3865DCC0188C13970044A0DC /* PBXTargetDependency */,
			);
			name = TaxiTests;
			productName = TaxiTests;
			productReference = 3865DCBA188C13970044A0DC /* TaxiTests.xctest */;
			productType = "com.apple.product-type.bundle.unit-test";
		};
/* End PBXNativeTarget section */

/* Begin PBXProject section */
		3865DC8E188C13970044A0DC /* Project object */ = {
			isa = PBXProject;
			attributes = {
				CLASSPREFIX = TX;
				LastUpgradeCheck = 0500;
				ORGANIZATIONNAME = 99S;
				TargetAttributes = {
					3865DCB9188C13970044A0DC = {
						TestTargetID = 3865DC95188C13970044A0DC;
					};
				};
			};
			buildConfigurationList = 3865DC91188C13970044A0DC /* Build configuration list for PBXProject "Taxi" */;
			compatibilityVersion = "Xcode 3.2";
			developmentRegion = English;
			hasScannedForEncodings = 0;
			knownRegions = (
				en,
				Base,
			);
			mainGroup = 3865DC8D188C13970044A0DC;
			productRefGroup = 3865DC97188C13970044A0DC /* Products */;
			projectDirPath = "";
			projectReferences = (
				{
					ProductGroup = 38D4649A188E7EC2005B3A74 /* Products */;
					ProjectRef = 38D46499188E7EC2005B3A74 /* taxiLib.xcodeproj */;
				},
			);
			projectRoot = "";
			targets = (
				3865DC95188C13970044A0DC /* Taxi */,
				3865DCB9188C13970044A0DC /* TaxiTests */,
			);
		};
/* End PBXProject section */

/* Begin PBXReferenceProxy section */
		38D4649F188E7EC2005B3A74 /* libtaxiLib.a */ = {
			isa = PBXReferenceProxy;
			fileType = archive.ar;
			path = libtaxiLib.a;
			remoteRef = 38D4649E188E7EC2005B3A74 /* PBXContainerItemProxy */;
			sourceTree = BUILT_PRODUCTS_DIR;
		};
		38D464A1188E7EC2005B3A74 /* taxiLibTests.xctest */ = {
			isa = PBXReferenceProxy;
			fileType = wrapper.cfbundle;
			path = taxiLibTests.xctest;
			remoteRef = 38D464A0188E7EC2005B3A74 /* PBXContainerItemProxy */;
			sourceTree = BUILT_PRODUCTS_DIR;
		};
/* End PBXReferenceProxy section */

/* Begin PBXResourcesBuildPhase section */
		3865DC94188C13970044A0DC /* Resources */ = {
			isa = PBXResourcesBuildPhase;
			buildActionMask = 2147483647;
			files = (
				38D464FA188E9056005B3A74 /* taxi.bundle in Resources */,
				3865DCB0188C13970044A0DC /* Main_iPad.storyboard in Resources */,
				3865DCB5188C13970044A0DC /* Images.xcassets in Resources */,
				3865DCAD188C13970044A0DC /* Main_iPhone.storyboard in Resources */,
				3865DCA4188C13970044A0DC /* InfoPlist.strings in Resources */,
			);
			runOnlyForDeploymentPostprocessing = 0;
		};
		3865DCB8188C13970044A0DC /* Resources */ = {
			isa = PBXResourcesBuildPhase;
			buildActionMask = 2147483647;
			files = (
				3865DCC6188C13970044A0DC /* InfoPlist.strings in Resources */,
			);
			runOnlyForDeploymentPostprocessing = 0;
		};
/* End PBXResourcesBuildPhase section */

/* Begin PBXSourcesBuildPhase section */
		3865DC92188C13970044A0DC /* Sources */ = {
			isa = PBXSourcesBuildPhase;
			buildActionMask = 2147483647;
			files = (
				3865DCAA188C13970044A0DC /* TXAppDelegate.m in Sources */,
				3865DCA6188C13970044A0DC /* main.m in Sources */,
				3827823118B8CE920036238A /* TXUserModel.m in Sources */,
				38D6DF9B18BB5FE6004A0E81 /* TXCenterVC.m in Sources */,
				3827824018B8D5F40036238A /* TXPropertyConsts.m in Sources */,
				3827824118B8D5F40036238A /* TXUser.m in Sources */,
				38D6DF9E18BB5FE6004A0E81 /* TXSidePanelVC.m in Sources */,
				3827823018B8CE920036238A /* TXModelBase.m in Sources */,
				3827822F18B8CE920036238A /* TXConsts.m in Sources */,
				38D6DF9D18BB5FE6004A0E81 /* TXRightVC.m in Sources */,
				3827823218B8CE920036238A /* TXVM.m in Sources */,
				3827823F18B8D5F40036238A /* TXBaseObj.m in Sources */,
				38D6DF9C18BB5FE6004A0E81 /* TXLeftVC.m in Sources */,
				38D6DFA018BB5FE6004A0E81 /* UIViewController+TXSidePanel.m in Sources */,
				3827823318B8CE920036238A /* Types.m in Sources */,
				38D6DF8D18BB5FA9004A0E81 /* TXRegisterVC.m in Sources */,
				3827824418B8E55F0036238A /* TXUserAPITest.m in Sources */,
			);
			runOnlyForDeploymentPostprocessing = 0;
		};
		3865DCB6188C13970044A0DC /* Sources */ = {
			isa = PBXSourcesBuildPhase;
			buildActionMask = 2147483647;
			files = (
				3865DCC8188C13970044A0DC /* TaxiTests.m in Sources */,
			);
			runOnlyForDeploymentPostprocessing = 0;
		};
/* End PBXSourcesBuildPhase section */

/* Begin PBXTargetDependency section */
		3865DCC0188C13970044A0DC /* PBXTargetDependency */ = {
			isa = PBXTargetDependency;
			target = 3865DC95188C13970044A0DC /* Taxi */;
			targetProxy = 3865DCBF188C13970044A0DC /* PBXContainerItemProxy */;
		};
		38D464EE188E803F005B3A74 /* PBXTargetDependency */ = {
			isa = PBXTargetDependency;
			name = taxiLib;
			targetProxy = 38D464ED188E803F005B3A74 /* PBXContainerItemProxy */;
		};
/* End PBXTargetDependency section */

/* Begin PBXVariantGroup section */
		3865DCA2188C13970044A0DC /* InfoPlist.strings */ = {
			isa = PBXVariantGroup;
			children = (
				3865DCA3188C13970044A0DC /* en */,
			);
			name = InfoPlist.strings;
			sourceTree = "<group>";
		};
		3865DCAB188C13970044A0DC /* Main_iPhone.storyboard */ = {
			isa = PBXVariantGroup;
			children = (
				3865DCAC188C13970044A0DC /* Base */,
			);
			name = Main_iPhone.storyboard;
			sourceTree = "<group>";
		};
		3865DCAE188C13970044A0DC /* Main_iPad.storyboard */ = {
			isa = PBXVariantGroup;
			children = (
				3865DCAF188C13970044A0DC /* Base */,
			);
			name = Main_iPad.storyboard;
			sourceTree = "<group>";
		};
		3865DCC4188C13970044A0DC /* InfoPlist.strings */ = {
			isa = PBXVariantGroup;
			children = (
				3865DCC5188C13970044A0DC /* en */,
			);
			name = InfoPlist.strings;
			sourceTree = "<group>";
		};
/* End PBXVariantGroup section */

/* Begin XCBuildConfiguration section */
		3865DCC9188C13970044A0DC /* Debug */ = {
			isa = XCBuildConfiguration;
			buildSettings = {
				ALWAYS_SEARCH_USER_PATHS = NO;
				ARCHS = "$(ARCHS_STANDARD_INCLUDING_64_BIT)";
				CLANG_CXX_LANGUAGE_STANDARD = "gnu++0x";
				CLANG_CXX_LIBRARY = "libc++";
				CLANG_ENABLE_MODULES = YES;
				CLANG_ENABLE_OBJC_ARC = YES;
				CLANG_WARN_BOOL_CONVERSION = YES;
				CLANG_WARN_CONSTANT_CONVERSION = YES;
				CLANG_WARN_DIRECT_OBJC_ISA_USAGE = YES_ERROR;
				CLANG_WARN_EMPTY_BODY = YES;
				CLANG_WARN_ENUM_CONVERSION = YES;
				CLANG_WARN_INT_CONVERSION = YES;
				CLANG_WARN_OBJC_ROOT_CLASS = YES_ERROR;
				CLANG_WARN__DUPLICATE_METHOD_MATCH = YES;
				"CODE_SIGN_IDENTITY[sdk=iphoneos*]" = "iPhone Developer";
				COPY_PHASE_STRIP = NO;
				GCC_C_LANGUAGE_STANDARD = gnu99;
				GCC_DYNAMIC_NO_PIC = NO;
				GCC_OPTIMIZATION_LEVEL = 0;
				GCC_PREPROCESSOR_DEFINITIONS = (
					"DEBUG=1",
					"$(inherited)",
				);
				GCC_SYMBOLS_PRIVATE_EXTERN = NO;
				GCC_WARN_64_TO_32_BIT_CONVERSION = YES;
				GCC_WARN_ABOUT_RETURN_TYPE = YES_ERROR;
				GCC_WARN_UNDECLARED_SELECTOR = YES;
				GCC_WARN_UNINITIALIZED_AUTOS = YES;
				GCC_WARN_UNUSED_FUNCTION = YES;
				GCC_WARN_UNUSED_VARIABLE = YES;
				IPHONEOS_DEPLOYMENT_TARGET = 7.0;
				ONLY_ACTIVE_ARCH = YES;
				SDKROOT = iphoneos;
				TARGETED_DEVICE_FAMILY = "1,2";
			};
			name = Debug;
		};
		3865DCCA188C13970044A0DC /* Release */ = {
			isa = XCBuildConfiguration;
			buildSettings = {
				ALWAYS_SEARCH_USER_PATHS = NO;
				ARCHS = "$(ARCHS_STANDARD_INCLUDING_64_BIT)";
				CLANG_CXX_LANGUAGE_STANDARD = "gnu++0x";
				CLANG_CXX_LIBRARY = "libc++";
				CLANG_ENABLE_MODULES = YES;
				CLANG_ENABLE_OBJC_ARC = YES;
				CLANG_WARN_BOOL_CONVERSION = YES;
				CLANG_WARN_CONSTANT_CONVERSION = YES;
				CLANG_WARN_DIRECT_OBJC_ISA_USAGE = YES_ERROR;
				CLANG_WARN_EMPTY_BODY = YES;
				CLANG_WARN_ENUM_CONVERSION = YES;
				CLANG_WARN_INT_CONVERSION = YES;
				CLANG_WARN_OBJC_ROOT_CLASS = YES_ERROR;
				CLANG_WARN__DUPLICATE_METHOD_MATCH = YES;
				"CODE_SIGN_IDENTITY[sdk=iphoneos*]" = "iPhone Developer";
				COPY_PHASE_STRIP = YES;
				ENABLE_NS_ASSERTIONS = NO;
				GCC_C_LANGUAGE_STANDARD = gnu99;
				GCC_WARN_64_TO_32_BIT_CONVERSION = YES;
				GCC_WARN_ABOUT_RETURN_TYPE = YES_ERROR;
				GCC_WARN_UNDECLARED_SELECTOR = YES;
				GCC_WARN_UNINITIALIZED_AUTOS = YES;
				GCC_WARN_UNUSED_FUNCTION = YES;
				GCC_WARN_UNUSED_VARIABLE = YES;
				IPHONEOS_DEPLOYMENT_TARGET = 7.0;
				SDKROOT = iphoneos;
				TARGETED_DEVICE_FAMILY = "1,2";
				VALIDATE_PRODUCT = YES;
			};
			name = Release;
		};
		3865DCCC188C13970044A0DC /* Debug */ = {
			isa = XCBuildConfiguration;
			buildSettings = {
				ASSETCATALOG_COMPILER_APPICON_NAME = AppIcon;
				ASSETCATALOG_COMPILER_LAUNCHIMAGE_NAME = LaunchImage;
				FRAMEWORK_SEARCH_PATHS = (
					"$(inherited)",
					/Users/iraklivasha/Desktop/Taxi,
				);
				GCC_PRECOMPILE_PREFIX_HEADER = YES;
				GCC_PREFIX_HEADER = "Taxi/Taxi-Prefix.pch";
				INFOPLIST_FILE = "Taxi/Taxi-Info.plist";
				OTHER_LDFLAGS = "-ObjC";
				PRODUCT_NAME = "$(TARGET_NAME)";
				WRAPPER_EXTENSION = app;
			};
			name = Debug;
		};
		3865DCCD188C13970044A0DC /* Release */ = {
			isa = XCBuildConfiguration;
			buildSettings = {
				ASSETCATALOG_COMPILER_APPICON_NAME = AppIcon;
				ASSETCATALOG_COMPILER_LAUNCHIMAGE_NAME = LaunchImage;
				FRAMEWORK_SEARCH_PATHS = (
					"$(inherited)",
					/Users/iraklivasha/Desktop/Taxi,
				);
				GCC_PRECOMPILE_PREFIX_HEADER = YES;
				GCC_PREFIX_HEADER = "Taxi/Taxi-Prefix.pch";
				INFOPLIST_FILE = "Taxi/Taxi-Info.plist";
				OTHER_LDFLAGS = "-ObjC";
				PRODUCT_NAME = "$(TARGET_NAME)";
				WRAPPER_EXTENSION = app;
			};
			name = Release;
		};
		3865DCCF188C13970044A0DC /* Debug */ = {
			isa = XCBuildConfiguration;
			buildSettings = {
				ARCHS = "$(ARCHS_STANDARD_INCLUDING_64_BIT)";
				BUNDLE_LOADER = "$(BUILT_PRODUCTS_DIR)/Taxi.app/Taxi";
				FRAMEWORK_SEARCH_PATHS = (
					"$(SDKROOT)/Developer/Library/Frameworks",
					"$(inherited)",
					"$(DEVELOPER_FRAMEWORKS_DIR)",
				);
				GCC_PRECOMPILE_PREFIX_HEADER = YES;
				GCC_PREFIX_HEADER = "Taxi/Taxi-Prefix.pch";
				GCC_PREPROCESSOR_DEFINITIONS = (
					"DEBUG=1",
					"$(inherited)",
				);
				INFOPLIST_FILE = "TaxiTests/TaxiTests-Info.plist";
				PRODUCT_NAME = "$(TARGET_NAME)";
				TEST_HOST = "$(BUNDLE_LOADER)";
				WRAPPER_EXTENSION = xctest;
			};
			name = Debug;
		};
		3865DCD0188C13970044A0DC /* Release */ = {
			isa = XCBuildConfiguration;
			buildSettings = {
				ARCHS = "$(ARCHS_STANDARD_INCLUDING_64_BIT)";
				BUNDLE_LOADER = "$(BUILT_PRODUCTS_DIR)/Taxi.app/Taxi";
				FRAMEWORK_SEARCH_PATHS = (
					"$(SDKROOT)/Developer/Library/Frameworks",
					"$(inherited)",
					"$(DEVELOPER_FRAMEWORKS_DIR)",
				);
				GCC_PRECOMPILE_PREFIX_HEADER = YES;
				GCC_PREFIX_HEADER = "Taxi/Taxi-Prefix.pch";
				INFOPLIST_FILE = "TaxiTests/TaxiTests-Info.plist";
				PRODUCT_NAME = "$(TARGET_NAME)";
				TEST_HOST = "$(BUNDLE_LOADER)";
				WRAPPER_EXTENSION = xctest;
			};
			name = Release;
		};
/* End XCBuildConfiguration section */

/* Begin XCConfigurationList section */
		3865DC91188C13970044A0DC /* Build configuration list for PBXProject "Taxi" */ = {
			isa = XCConfigurationList;
			buildConfigurations = (
				3865DCC9188C13970044A0DC /* Debug */,
				3865DCCA188C13970044A0DC /* Release */,
			);
			defaultConfigurationIsVisible = 0;
			defaultConfigurationName = Release;
		};
		3865DCCB188C13970044A0DC /* Build configuration list for PBXNativeTarget "Taxi" */ = {
			isa = XCConfigurationList;
			buildConfigurations = (
				3865DCCC188C13970044A0DC /* Debug */,
				3865DCCD188C13970044A0DC /* Release */,
			);
			defaultConfigurationIsVisible = 0;
			defaultConfigurationName = Release;
		};
		3865DCCE188C13970044A0DC /* Build configuration list for PBXNativeTarget "TaxiTests" */ = {
			isa = XCConfigurationList;
			buildConfigurations = (
				3865DCCF188C13970044A0DC /* Debug */,
				3865DCD0188C13970044A0DC /* Release */,
			);
			defaultConfigurationIsVisible = 0;
			defaultConfigurationName = Release;
		};
/* End XCConfigurationList section */
	};
	rootObject = 3865DC8E188C13970044A0DC /* Project object */;
}
