// !$*UTF8*$!
{
	archiveVersion = 1;
	classes = {
	};
	objectVersion = 46;
	objects = {

/* Begin PBXBuildFile section */
		3815177E18C364BA005F915C /* TXRootVC.m in Sources */ = {isa = PBXBuildFile; fileRef = 3815177D18C364BA005F915C /* TXRootVC.m */; };
		3826CC2818EEC57A003D7AD2 /* menu-alt.png in Resources */ = {isa = PBXBuildFile; fileRef = 3826CC2718EEC57A003D7AD2 /* menu-alt.png */; };
		3826CC3D18EEDBAD003D7AD2 /* SlideNavigationContorllerAnimatorFade.m in Sources */ = {isa = PBXBuildFile; fileRef = 3826CC2F18EEDBAD003D7AD2 /* SlideNavigationContorllerAnimatorFade.m */; };
		3826CC3E18EEDBAD003D7AD2 /* SlideNavigationContorllerAnimatorScale.m in Sources */ = {isa = PBXBuildFile; fileRef = 3826CC3118EEDBAD003D7AD2 /* SlideNavigationContorllerAnimatorScale.m */; };
		3826CC3F18EEDBAD003D7AD2 /* SlideNavigationContorllerAnimatorScaleAndFade.m in Sources */ = {isa = PBXBuildFile; fileRef = 3826CC3318EEDBAD003D7AD2 /* SlideNavigationContorllerAnimatorScaleAndFade.m */; };
		3826CC4018EEDBAD003D7AD2 /* SlideNavigationContorllerAnimatorSlide.m in Sources */ = {isa = PBXBuildFile; fileRef = 3826CC3518EEDBAD003D7AD2 /* SlideNavigationContorllerAnimatorSlide.m */; };
		3826CC4118EEDBAD003D7AD2 /* SlideNavigationContorllerAnimatorSlideAndFade.m in Sources */ = {isa = PBXBuildFile; fileRef = 3826CC3718EEDBAD003D7AD2 /* SlideNavigationContorllerAnimatorSlideAndFade.m */; };
		3826CC4218EEDBAD003D7AD2 /* menu-button.png in Resources */ = {isa = PBXBuildFile; fileRef = 3826CC3918EEDBAD003D7AD2 /* menu-button.png */; };
		3826CC4318EEDBAD003D7AD2 /* menu-button@2x.png in Resources */ = {isa = PBXBuildFile; fileRef = 3826CC3A18EEDBAD003D7AD2 /* menu-button@2x.png */; };
		3826CC4418EEDBAD003D7AD2 /* SlideNavigationController.m in Sources */ = {isa = PBXBuildFile; fileRef = 3826CC3C18EEDBAD003D7AD2 /* SlideNavigationController.m */; };
		3826CC4718EEDF27003D7AD2 /* MenuViewController.m in Sources */ = {isa = PBXBuildFile; fileRef = 3826CC4618EEDF27003D7AD2 /* MenuViewController.m */; };
		3826CC4918EEFAB8003D7AD2 /* button-home.png in Resources */ = {isa = PBXBuildFile; fileRef = 3826CC4818EEFAB8003D7AD2 /* button-home.png */; };
		3826CC4B18EEFE08003D7AD2 /* button-profile.png in Resources */ = {isa = PBXBuildFile; fileRef = 3826CC4A18EEFE08003D7AD2 /* button-profile.png */; };
		3826CC4D18EF002E003D7AD2 /* button-signout.png in Resources */ = {isa = PBXBuildFile; fileRef = 3826CC4C18EF002E003D7AD2 /* button-signout.png */; };
		3826CC4F18EF02A0003D7AD2 /* button-settings.png in Resources */ = {isa = PBXBuildFile; fileRef = 3826CC4E18EF02A0003D7AD2 /* button-settings.png */; };
		3827822F18B8CE920036238A /* TXConsts.m in Sources */ = {isa = PBXBuildFile; fileRef = 3827822618B8CE920036238A /* TXConsts.m */; };
		3827823018B8CE920036238A /* TXModelBase.m in Sources */ = {isa = PBXBuildFile; fileRef = 3827822818B8CE920036238A /* TXModelBase.m */; };
		3827823118B8CE920036238A /* TXUserModel.m in Sources */ = {isa = PBXBuildFile; fileRef = 3827822A18B8CE920036238A /* TXUserModel.m */; };
		3827823218B8CE920036238A /* TXSharedObj.m in Sources */ = {isa = PBXBuildFile; fileRef = 3827822C18B8CE920036238A /* TXSharedObj.m */; };
		3827823318B8CE920036238A /* Types.m in Sources */ = {isa = PBXBuildFile; fileRef = 3827822E18B8CE920036238A /* Types.m */; };
		3827823F18B8D5F40036238A /* TXBaseObj.m in Sources */ = {isa = PBXBuildFile; fileRef = 3827823A18B8D5F40036238A /* TXBaseObj.m */; };
		3827824018B8D5F40036238A /* TXPropertyConsts.m in Sources */ = {isa = PBXBuildFile; fileRef = 3827823C18B8D5F40036238A /* TXPropertyConsts.m */; };
		3827824118B8D5F40036238A /* TXUser.m in Sources */ = {isa = PBXBuildFile; fileRef = 3827823E18B8D5F40036238A /* TXUser.m */; };
		3827824418B8E55F0036238A /* TXUserAPITest.m in Sources */ = {isa = PBXBuildFile; fileRef = 3827824318B8E55F0036238A /* TXUserAPITest.m */; };
		3827824718BA023D0036238A /* FacebookSDK.framework in Frameworks */ = {isa = PBXBuildFile; fileRef = 3827824618BA023D0036238A /* FacebookSDK.framework */; };
		385E113918EB0B0800AB7570 /* libsqlite3.dylib in Frameworks */ = {isa = PBXBuildFile; fileRef = 38BE647218AA7265006BD587 /* libsqlite3.dylib */; };
		385E114018EC348F00AB7570 /* TXMainVC.m in Sources */ = {isa = PBXBuildFile; fileRef = 385E113F18EC348F00AB7570 /* TXMainVC.m */; };
		385E114318EC349E00AB7570 /* TXSignUpVC.m in Sources */ = {isa = PBXBuildFile; fileRef = 385E114218EC349E00AB7570 /* TXSignUpVC.m */; };
		385E114618EC34AD00AB7570 /* TXSignInVC.m in Sources */ = {isa = PBXBuildFile; fileRef = 385E114518EC34AD00AB7570 /* TXSignInVC.m */; };
		385E119018EC35C400AB7570 /* TXAlertView.m in Sources */ = {isa = PBXBuildFile; fileRef = 385E114F18EC35C400AB7570 /* TXAlertView.m */; };
		385E119118EC35C400AB7570 /* TXStackedViewController.m in Sources */ = {isa = PBXBuildFile; fileRef = 385E115118EC35C400AB7570 /* TXStackedViewController.m */; };
		385E119218EC35C400AB7570 /* UIView+FindFirstResponder.m in Sources */ = {isa = PBXBuildFile; fileRef = 385E115518EC35C400AB7570 /* UIView+FindFirstResponder.m */; };
		385E119318EC35C400AB7570 /* UIView+PSSizes.m in Sources */ = {isa = PBXBuildFile; fileRef = 385E115718EC35C400AB7570 /* UIView+PSSizes.m */; };
		385E119418EC35C400AB7570 /* UIViewController+FindFirstResponder.m in Sources */ = {isa = PBXBuildFile; fileRef = 385E115918EC35C400AB7570 /* UIViewController+FindFirstResponder.m */; };
		385E119518EC35C400AB7570 /* UIViewController+PSStackedView.m in Sources */ = {isa = PBXBuildFile; fileRef = 385E115B18EC35C400AB7570 /* UIViewController+PSStackedView.m */; };
		385E119618EC35C400AB7570 /* TXBaseViewController.m in Sources */ = {isa = PBXBuildFile; fileRef = 385E115E18EC35C400AB7570 /* TXBaseViewController.m */; };
		385E119718EC35C400AB7570 /* TXRootViewController.m in Sources */ = {isa = PBXBuildFile; fileRef = 385E116018EC35C400AB7570 /* TXRootViewController.m */; };
		385E119818EC35C400AB7570 /* AMFRootViewController.xib in Resources */ = {isa = PBXBuildFile; fileRef = 385E116118EC35C400AB7570 /* AMFRootViewController.xib */; };
		385E119918EC35C400AB7570 /* TXBaseCell.m in Sources */ = {isa = PBXBuildFile; fileRef = 385E116418EC35C400AB7570 /* TXBaseCell.m */; };
		385E119A18EC35C400AB7570 /* TXMenuCell.m in Sources */ = {isa = PBXBuildFile; fileRef = 385E116618EC35C400AB7570 /* TXMenuCell.m */; };
		385E119B18EC35C400AB7570 /* AMFMenuCell.xib in Resources */ = {isa = PBXBuildFile; fileRef = 385E116718EC35C400AB7570 /* AMFMenuCell.xib */; };
		385E119C18EC35C400AB7570 /* TXSimpleSubMenuCell.m in Sources */ = {isa = PBXBuildFile; fileRef = 385E116918EC35C400AB7570 /* TXSimpleSubMenuCell.m */; };
		385E119D18EC35C400AB7570 /* AMFSimpleSubMenuCell.xib in Resources */ = {isa = PBXBuildFile; fileRef = 385E116A18EC35C400AB7570 /* AMFSimpleSubMenuCell.xib */; };
		385E119E18EC35C400AB7570 /* TXMenuItemObject.m in Sources */ = {isa = PBXBuildFile; fileRef = 385E116D18EC35C400AB7570 /* TXMenuItemObject.m */; };
		385E119F18EC35C400AB7570 /* TXObjectPDQ.m in Sources */ = {isa = PBXBuildFile; fileRef = 385E116F18EC35C400AB7570 /* TXObjectPDQ.m */; };
		385E11A018EC35C400AB7570 /* TXObjectPDQCriteria.m in Sources */ = {isa = PBXBuildFile; fileRef = 385E117118EC35C400AB7570 /* TXObjectPDQCriteria.m */; };
		385E11A118EC35C400AB7570 /* UIToolbar+AddItems.m in Sources */ = {isa = PBXBuildFile; fileRef = 385E117318EC35C400AB7570 /* UIToolbar+AddItems.m */; };
		385E11A218EC35C400AB7570 /* UIViewController+BaseNavigation.m in Sources */ = {isa = PBXBuildFile; fileRef = 385E117518EC35C400AB7570 /* UIViewController+BaseNavigation.m */; };
		385E11A318EC35C400AB7570 /* TXContainerView.m in Sources */ = {isa = PBXBuildFile; fileRef = 385E117818EC35C400AB7570 /* TXContainerView.m */; };
		385E11A418EC35C400AB7570 /* TXStackedViewGlobal.m in Sources */ = {isa = PBXBuildFile; fileRef = 385E117B18EC35C400AB7570 /* TXStackedViewGlobal.m */; };
		385E11A518EC35C400AB7570 /* TXIndeterminateProgressViewController.m in Sources */ = {isa = PBXBuildFile; fileRef = 385E118118EC35C400AB7570 /* TXIndeterminateProgressViewController.m */; };
		385E11A618EC35C400AB7570 /* AMFIndeterminateProgressViewController.xib in Resources */ = {isa = PBXBuildFile; fileRef = 385E118218EC35C400AB7570 /* AMFIndeterminateProgressViewController.xib */; };
		385E11A718EC35C400AB7570 /* TXConstants.m in Sources */ = {isa = PBXBuildFile; fileRef = 385E118518EC35C400AB7570 /* TXConstants.m */; };
		385E11A818EC35C400AB7570 /* TXDispatchingViewController.m in Sources */ = {isa = PBXBuildFile; fileRef = 385E118818EC35C400AB7570 /* TXDispatchingViewController.m */; };
		385E11A918EC35C400AB7570 /* UIView+Hierarchy.m in Sources */ = {isa = PBXBuildFile; fileRef = 385E118B18EC35C400AB7570 /* UIView+Hierarchy.m */; };
		385E11AA18EC35C400AB7570 /* SVProgressHUD.bundle in Resources */ = {isa = PBXBuildFile; fileRef = 385E118D18EC35C400AB7570 /* SVProgressHUD.bundle */; };
		385E11AB18EC35C400AB7570 /* SVProgressHUD.m in Sources */ = {isa = PBXBuildFile; fileRef = 385E118F18EC35C400AB7570 /* SVProgressHUD.m */; };
		3865DC9A188C13970044A0DC /* Foundation.framework in Frameworks */ = {isa = PBXBuildFile; fileRef = 3865DC99188C13970044A0DC /* Foundation.framework */; };
		3865DC9C188C13970044A0DC /* CoreGraphics.framework in Frameworks */ = {isa = PBXBuildFile; fileRef = 3865DC9B188C13970044A0DC /* CoreGraphics.framework */; };
		3865DC9E188C13970044A0DC /* UIKit.framework in Frameworks */ = {isa = PBXBuildFile; fileRef = 3865DC9D188C13970044A0DC /* UIKit.framework */; };
		3865DCA4188C13970044A0DC /* InfoPlist.strings in Resources */ = {isa = PBXBuildFile; fileRef = 3865DCA2188C13970044A0DC /* InfoPlist.strings */; };
		3865DCA6188C13970044A0DC /* main.m in Sources */ = {isa = PBXBuildFile; fileRef = 3865DCA5188C13970044A0DC /* main.m */; };
		3865DCAA188C13970044A0DC /* TXAppDelegate.m in Sources */ = {isa = PBXBuildFile; fileRef = 3865DCA9188C13970044A0DC /* TXAppDelegate.m */; };
		3865DCAD188C13970044A0DC /* Main_iPhone.storyboard in Resources */ = {isa = PBXBuildFile; fileRef = 3865DCAB188C13970044A0DC /* Main_iPhone.storyboard */; };
		3865DCB0188C13970044A0DC /* Main_iPad.storyboard in Resources */ = {isa = PBXBuildFile; fileRef = 3865DCAE188C13970044A0DC /* Main_iPad.storyboard */; };
		3865DCB5188C13970044A0DC /* Images.xcassets in Resources */ = {isa = PBXBuildFile; fileRef = 3865DCB4188C13970044A0DC /* Images.xcassets */; };
		3865DCBC188C13970044A0DC /* XCTest.framework in Frameworks */ = {isa = PBXBuildFile; fileRef = 3865DCBB188C13970044A0DC /* XCTest.framework */; };
		3865DCBD188C13970044A0DC /* Foundation.framework in Frameworks */ = {isa = PBXBuildFile; fileRef = 3865DC99188C13970044A0DC /* Foundation.framework */; };
		3865DCBE188C13970044A0DC /* UIKit.framework in Frameworks */ = {isa = PBXBuildFile; fileRef = 3865DC9D188C13970044A0DC /* UIKit.framework */; };
		3865DCC6188C13970044A0DC /* InfoPlist.strings in Resources */ = {isa = PBXBuildFile; fileRef = 3865DCC4188C13970044A0DC /* InfoPlist.strings */; };
		3865DCC8188C13970044A0DC /* TaxiTests.m in Sources */ = {isa = PBXBuildFile; fileRef = 3865DCC7188C13970044A0DC /* TaxiTests.m */; };
		389EDB5C18F027BD005CAAE7 /* TXSignCheckerVC.m in Sources */ = {isa = PBXBuildFile; fileRef = 389EDB5B18F027BD005CAAE7 /* TXSignCheckerVC.m */; };
		389EDB6018F02DD6005CAAE7 /* TXViewControllersCache.m in Sources */ = {isa = PBXBuildFile; fileRef = 389EDB5F18F02DD6005CAAE7 /* TXViewControllersCache.m */; };
		38C0ECE918EC590E00AFE860 /* GoogleOpenSource.framework in Frameworks */ = {isa = PBXBuildFile; fileRef = 38C0ECE618EC590E00AFE860 /* GoogleOpenSource.framework */; };
		38C0ECEA18EC590F00AFE860 /* GooglePlus.bundle in Resources */ = {isa = PBXBuildFile; fileRef = 38C0ECE718EC590E00AFE860 /* GooglePlus.bundle */; };
		38C0ECEB18EC590F00AFE860 /* GooglePlus.framework in Frameworks */ = {isa = PBXBuildFile; fileRef = 38C0ECE818EC590E00AFE860 /* GooglePlus.framework */; };
		38C0ECED18EC592000AFE860 /* AddressBook.framework in Frameworks */ = {isa = PBXBuildFile; fileRef = 38C0ECEC18EC592000AFE860 /* AddressBook.framework */; };
		38C0ECEF18EC592900AFE860 /* AssetsLibrary.framework in Frameworks */ = {isa = PBXBuildFile; fileRef = 38C0ECEE18EC592900AFE860 /* AssetsLibrary.framework */; };
		38C0ECF118EC593900AFE860 /* CoreLocation.framework in Frameworks */ = {isa = PBXBuildFile; fileRef = 38C0ECF018EC593900AFE860 /* CoreLocation.framework */; };
		38C0ECF318EC593F00AFE860 /* CoreMotion.framework in Frameworks */ = {isa = PBXBuildFile; fileRef = 38C0ECF218EC593F00AFE860 /* CoreMotion.framework */; };
		38C0ECF518EC594E00AFE860 /* CoreText.framework in Frameworks */ = {isa = PBXBuildFile; fileRef = 38C0ECF418EC594E00AFE860 /* CoreText.framework */; };
		38C0ECF718EC595B00AFE860 /* MediaPlayer.framework in Frameworks */ = {isa = PBXBuildFile; fileRef = 38C0ECF618EC595B00AFE860 /* MediaPlayer.framework */; };
		38C0ECF918EC596200AFE860 /* Security.framework in Frameworks */ = {isa = PBXBuildFile; fileRef = 38C0ECF818EC596200AFE860 /* Security.framework */; };
		38C0ECFB18EC596E00AFE860 /* SystemConfiguration.framework in Frameworks */ = {isa = PBXBuildFile; fileRef = 38C0ECFA18EC596E00AFE860 /* SystemConfiguration.framework */; };
		38C0ECFD18EC636900AFE860 /* defaultbg.jpg in Resources */ = {isa = PBXBuildFile; fileRef = 38C0ECFC18EC636900AFE860 /* defaultbg.jpg */; };
		38C4F7F218AD024000D6B2CC /* MapKit.framework in Frameworks */ = {isa = PBXBuildFile; fileRef = 38C4F7F118AD024000D6B2CC /* MapKit.framework */; };
		38C60B8A18D47BEC000A3DD3 /* TXMapVC.m in Sources */ = {isa = PBXBuildFile; fileRef = 38C60B8918D47BEC000A3DD3 /* TXMapVC.m */; };
		38D464EF188E804C005B3A74 /* libtaxiLib.a in Frameworks */ = {isa = PBXBuildFile; fileRef = 38D4649F188E7EC2005B3A74 /* libtaxiLib.a */; };
		38D464FA188E9056005B3A74 /* taxi.bundle in Resources */ = {isa = PBXBuildFile; fileRef = 38D464F9188E9056005B3A74 /* taxi.bundle */; };
		38D6DF8D18BB5FA9004A0E81 /* TXRegisterVC.m in Sources */ = {isa = PBXBuildFile; fileRef = 38D6DF8C18BB5FA9004A0E81 /* TXRegisterVC.m */; };
		38DABBC518D9AA72005D4AC4 /* TXGoogleAPIUtil.m in Sources */ = {isa = PBXBuildFile; fileRef = 38DABBC418D9AA72005D4AC4 /* TXGoogleAPIUtil.m */; };
/* End PBXBuildFile section */

/* Begin PBXContainerItemProxy section */
		3865DCBF188C13970044A0DC /* PBXContainerItemProxy */ = {
			isa = PBXContainerItemProxy;
			containerPortal = 3865DC8E188C13970044A0DC /* Project object */;
			proxyType = 1;
			remoteGlobalIDString = 3865DC95188C13970044A0DC;
			remoteInfo = Taxi;
		};
		38D4649E188E7EC2005B3A74 /* PBXContainerItemProxy */ = {
			isa = PBXContainerItemProxy;
			containerPortal = 38D46499188E7EC2005B3A74 /* taxiLib.xcodeproj */;
			proxyType = 2;
			remoteGlobalIDString = 38D46470188E7EC2005B3A74;
			remoteInfo = taxiLib;
		};
		38D464A0188E7EC2005B3A74 /* PBXContainerItemProxy */ = {
			isa = PBXContainerItemProxy;
			containerPortal = 38D46499188E7EC2005B3A74 /* taxiLib.xcodeproj */;
			proxyType = 2;
			remoteGlobalIDString = 38D46480188E7EC2005B3A74;
			remoteInfo = taxiLibTests;
		};
		38D464ED188E803F005B3A74 /* PBXContainerItemProxy */ = {
			isa = PBXContainerItemProxy;
			containerPortal = 38D46499188E7EC2005B3A74 /* taxiLib.xcodeproj */;
			proxyType = 1;
			remoteGlobalIDString = 38D4646F188E7EC2005B3A74;
			remoteInfo = taxiLib;
		};
/* End PBXContainerItemProxy section */

/* Begin PBXFileReference section */
		3815177C18C364BA005F915C /* TXRootVC.h */ = {isa = PBXFileReference; fileEncoding = 4; lastKnownFileType = sourcecode.c.h; path = TXRootVC.h; sourceTree = "<group>"; };
		3815177D18C364BA005F915C /* TXRootVC.m */ = {isa = PBXFileReference; fileEncoding = 4; lastKnownFileType = sourcecode.c.objc; path = TXRootVC.m; sourceTree = "<group>"; };
		3826CC2718EEC57A003D7AD2 /* menu-alt.png */ = {isa = PBXFileReference; lastKnownFileType = image.png; path = "menu-alt.png"; sourceTree = "<group>"; };
		3826CC2D18EEDBAD003D7AD2 /* SlideNavigationContorllerAnimator.h */ = {isa = PBXFileReference; fileEncoding = 4; lastKnownFileType = sourcecode.c.h; path = SlideNavigationContorllerAnimator.h; sourceTree = "<group>"; };
		3826CC2E18EEDBAD003D7AD2 /* SlideNavigationContorllerAnimatorFade.h */ = {isa = PBXFileReference; fileEncoding = 4; lastKnownFileType = sourcecode.c.h; path = SlideNavigationContorllerAnimatorFade.h; sourceTree = "<group>"; };
		3826CC2F18EEDBAD003D7AD2 /* SlideNavigationContorllerAnimatorFade.m */ = {isa = PBXFileReference; fileEncoding = 4; lastKnownFileType = sourcecode.c.objc; path = SlideNavigationContorllerAnimatorFade.m; sourceTree = "<group>"; };
		3826CC3018EEDBAD003D7AD2 /* SlideNavigationContorllerAnimatorScale.h */ = {isa = PBXFileReference; fileEncoding = 4; lastKnownFileType = sourcecode.c.h; path = SlideNavigationContorllerAnimatorScale.h; sourceTree = "<group>"; };
		3826CC3118EEDBAD003D7AD2 /* SlideNavigationContorllerAnimatorScale.m */ = {isa = PBXFileReference; fileEncoding = 4; lastKnownFileType = sourcecode.c.objc; path = SlideNavigationContorllerAnimatorScale.m; sourceTree = "<group>"; };
		3826CC3218EEDBAD003D7AD2 /* SlideNavigationContorllerAnimatorScaleAndFade.h */ = {isa = PBXFileReference; fileEncoding = 4; lastKnownFileType = sourcecode.c.h; path = SlideNavigationContorllerAnimatorScaleAndFade.h; sourceTree = "<group>"; };
		3826CC3318EEDBAD003D7AD2 /* SlideNavigationContorllerAnimatorScaleAndFade.m */ = {isa = PBXFileReference; fileEncoding = 4; lastKnownFileType = sourcecode.c.objc; path = SlideNavigationContorllerAnimatorScaleAndFade.m; sourceTree = "<group>"; };
		3826CC3418EEDBAD003D7AD2 /* SlideNavigationContorllerAnimatorSlide.h */ = {isa = PBXFileReference; fileEncoding = 4; lastKnownFileType = sourcecode.c.h; path = SlideNavigationContorllerAnimatorSlide.h; sourceTree = "<group>"; };
		3826CC3518EEDBAD003D7AD2 /* SlideNavigationContorllerAnimatorSlide.m */ = {isa = PBXFileReference; fileEncoding = 4; lastKnownFileType = sourcecode.c.objc; path = SlideNavigationContorllerAnimatorSlide.m; sourceTree = "<group>"; };
		3826CC3618EEDBAD003D7AD2 /* SlideNavigationContorllerAnimatorSlideAndFade.h */ = {isa = PBXFileReference; fileEncoding = 4; lastKnownFileType = sourcecode.c.h; path = SlideNavigationContorllerAnimatorSlideAndFade.h; sourceTree = "<group>"; };
		3826CC3718EEDBAD003D7AD2 /* SlideNavigationContorllerAnimatorSlideAndFade.m */ = {isa = PBXFileReference; fileEncoding = 4; lastKnownFileType = sourcecode.c.objc; path = SlideNavigationContorllerAnimatorSlideAndFade.m; sourceTree = "<group>"; };
		3826CC3918EEDBAD003D7AD2 /* menu-button.png */ = {isa = PBXFileReference; lastKnownFileType = image.png; path = "menu-button.png"; sourceTree = "<group>"; };
		3826CC3A18EEDBAD003D7AD2 /* menu-button@2x.png */ = {isa = PBXFileReference; lastKnownFileType = image.png; path = "menu-button@2x.png"; sourceTree = "<group>"; };
		3826CC3B18EEDBAD003D7AD2 /* SlideNavigationController.h */ = {isa = PBXFileReference; fileEncoding = 4; lastKnownFileType = sourcecode.c.h; path = SlideNavigationController.h; sourceTree = "<group>"; };
		3826CC3C18EEDBAD003D7AD2 /* SlideNavigationController.m */ = {isa = PBXFileReference; fileEncoding = 4; lastKnownFileType = sourcecode.c.objc; path = SlideNavigationController.m; sourceTree = "<group>"; };
		3826CC4518EEDF27003D7AD2 /* MenuViewController.h */ = {isa = PBXFileReference; fileEncoding = 4; lastKnownFileType = sourcecode.c.h; path = MenuViewController.h; sourceTree = "<group>"; };
		3826CC4618EEDF27003D7AD2 /* MenuViewController.m */ = {isa = PBXFileReference; fileEncoding = 4; lastKnownFileType = sourcecode.c.objc; path = MenuViewController.m; sourceTree = "<group>"; };
		3826CC4818EEFAB8003D7AD2 /* button-home.png */ = {isa = PBXFileReference; lastKnownFileType = image.png; path = "button-home.png"; sourceTree = "<group>"; };
		3826CC4A18EEFE08003D7AD2 /* button-profile.png */ = {isa = PBXFileReference; lastKnownFileType = image.png; path = "button-profile.png"; sourceTree = "<group>"; };
		3826CC4C18EF002E003D7AD2 /* button-signout.png */ = {isa = PBXFileReference; lastKnownFileType = image.png; path = "button-signout.png"; sourceTree = "<group>"; };
		3826CC4E18EF02A0003D7AD2 /* button-settings.png */ = {isa = PBXFileReference; lastKnownFileType = image.png; path = "button-settings.png"; sourceTree = "<group>"; };
		3827822518B8CE920036238A /* TXConsts.h */ = {isa = PBXFileReference; fileEncoding = 4; lastKnownFileType = sourcecode.c.h; name = TXConsts.h; path = model/TXConsts.h; sourceTree = "<group>"; };
		3827822618B8CE920036238A /* TXConsts.m */ = {isa = PBXFileReference; fileEncoding = 4; lastKnownFileType = sourcecode.c.objc; name = TXConsts.m; path = model/TXConsts.m; sourceTree = "<group>"; };
		3827822718B8CE920036238A /* TXModelBase.h */ = {isa = PBXFileReference; fileEncoding = 4; lastKnownFileType = sourcecode.c.h; name = TXModelBase.h; path = model/TXModelBase.h; sourceTree = "<group>"; };
		3827822818B8CE920036238A /* TXModelBase.m */ = {isa = PBXFileReference; fileEncoding = 4; lastKnownFileType = sourcecode.c.objc; name = TXModelBase.m; path = model/TXModelBase.m; sourceTree = "<group>"; };
		3827822918B8CE920036238A /* TXUserModel.h */ = {isa = PBXFileReference; fileEncoding = 4; lastKnownFileType = sourcecode.c.h; name = TXUserModel.h; path = model/TXUserModel.h; sourceTree = "<group>"; };
		3827822A18B8CE920036238A /* TXUserModel.m */ = {isa = PBXFileReference; fileEncoding = 4; lastKnownFileType = sourcecode.c.objc; name = TXUserModel.m; path = model/TXUserModel.m; sourceTree = "<group>"; };
		3827822B18B8CE920036238A /* TXSharedObj.h */ = {isa = PBXFileReference; fileEncoding = 4; lastKnownFileType = sourcecode.c.h; name = TXSharedObj.h; path = model/TXSharedObj.h; sourceTree = "<group>"; };
		3827822C18B8CE920036238A /* TXSharedObj.m */ = {isa = PBXFileReference; fileEncoding = 4; lastKnownFileType = sourcecode.c.objc; name = TXSharedObj.m; path = model/TXSharedObj.m; sourceTree = "<group>"; };
		3827822D18B8CE920036238A /* Types.h */ = {isa = PBXFileReference; fileEncoding = 4; lastKnownFileType = sourcecode.c.h; name = Types.h; path = model/Types.h; sourceTree = "<group>"; };
		3827822E18B8CE920036238A /* Types.m */ = {isa = PBXFileReference; fileEncoding = 4; lastKnownFileType = sourcecode.c.objc; name = Types.m; path = model/Types.m; sourceTree = "<group>"; };
		3827823918B8D5F40036238A /* TXBaseObj.h */ = {isa = PBXFileReference; fileEncoding = 4; lastKnownFileType = sourcecode.c.h; path = TXBaseObj.h; sourceTree = "<group>"; };
		3827823A18B8D5F40036238A /* TXBaseObj.m */ = {isa = PBXFileReference; fileEncoding = 4; lastKnownFileType = sourcecode.c.objc; path = TXBaseObj.m; sourceTree = "<group>"; };
		3827823B18B8D5F40036238A /* TXPropertyConsts.h */ = {isa = PBXFileReference; fileEncoding = 4; lastKnownFileType = sourcecode.c.h; path = TXPropertyConsts.h; sourceTree = "<group>"; };
		3827823C18B8D5F40036238A /* TXPropertyConsts.m */ = {isa = PBXFileReference; fileEncoding = 4; lastKnownFileType = sourcecode.c.objc; path = TXPropertyConsts.m; sourceTree = "<group>"; };
		3827823D18B8D5F40036238A /* TXUser.h */ = {isa = PBXFileReference; fileEncoding = 4; lastKnownFileType = sourcecode.c.h; path = TXUser.h; sourceTree = "<group>"; };
		3827823E18B8D5F40036238A /* TXUser.m */ = {isa = PBXFileReference; fileEncoding = 4; lastKnownFileType = sourcecode.c.objc; path = TXUser.m; sourceTree = "<group>"; };
		3827824218B8E55F0036238A /* TXUserAPITest.h */ = {isa = PBXFileReference; fileEncoding = 4; lastKnownFileType = sourcecode.c.h; path = TXUserAPITest.h; sourceTree = "<group>"; };
		3827824318B8E55F0036238A /* TXUserAPITest.m */ = {isa = PBXFileReference; fileEncoding = 4; lastKnownFileType = sourcecode.c.objc; path = TXUserAPITest.m; sourceTree = "<group>"; };
		3827824618BA023D0036238A /* FacebookSDK.framework */ = {isa = PBXFileReference; lastKnownFileType = wrapper.framework; path = FacebookSDK.framework; sourceTree = "<group>"; };
		385E113E18EC348F00AB7570 /* TXMainVC.h */ = {isa = PBXFileReference; fileEncoding = 4; lastKnownFileType = sourcecode.c.h; name = TXMainVC.h; path = user/TXMainVC.h; sourceTree = "<group>"; };
		385E113F18EC348F00AB7570 /* TXMainVC.m */ = {isa = PBXFileReference; fileEncoding = 4; lastKnownFileType = sourcecode.c.objc; name = TXMainVC.m; path = user/TXMainVC.m; sourceTree = "<group>"; };
		385E114118EC349E00AB7570 /* TXSignUpVC.h */ = {isa = PBXFileReference; fileEncoding = 4; lastKnownFileType = sourcecode.c.h; path = TXSignUpVC.h; sourceTree = "<group>"; };
		385E114218EC349E00AB7570 /* TXSignUpVC.m */ = {isa = PBXFileReference; fileEncoding = 4; lastKnownFileType = sourcecode.c.objc; path = TXSignUpVC.m; sourceTree = "<group>"; };
		385E114418EC34AD00AB7570 /* TXSignInVC.h */ = {isa = PBXFileReference; fileEncoding = 4; lastKnownFileType = sourcecode.c.h; path = TXSignInVC.h; sourceTree = "<group>"; };
		385E114518EC34AD00AB7570 /* TXSignInVC.m */ = {isa = PBXFileReference; fileEncoding = 4; lastKnownFileType = sourcecode.c.objc; path = TXSignInVC.m; sourceTree = "<group>"; };
		385E114E18EC35C400AB7570 /* TXAlertView.h */ = {isa = PBXFileReference; fileEncoding = 4; lastKnownFileType = sourcecode.c.h; path = TXAlertView.h; sourceTree = "<group>"; };
		385E114F18EC35C400AB7570 /* TXAlertView.m */ = {isa = PBXFileReference; fileEncoding = 4; lastKnownFileType = sourcecode.c.objc; path = TXAlertView.m; sourceTree = "<group>"; };
		385E115018EC35C400AB7570 /* TXStackedViewController.h */ = {isa = PBXFileReference; fileEncoding = 4; lastKnownFileType = sourcecode.c.h; path = TXStackedViewController.h; sourceTree = "<group>"; };
		385E115118EC35C400AB7570 /* TXStackedViewController.m */ = {isa = PBXFileReference; fileEncoding = 4; lastKnownFileType = sourcecode.c.objc; path = TXStackedViewController.m; sourceTree = "<group>"; };
		385E115218EC35C400AB7570 /* TXStackedViewDelegate.h */ = {isa = PBXFileReference; fileEncoding = 4; lastKnownFileType = sourcecode.c.h; path = TXStackedViewDelegate.h; sourceTree = "<group>"; };
		385E115418EC35C400AB7570 /* UIView+FindFirstResponder.h */ = {isa = PBXFileReference; fileEncoding = 4; lastKnownFileType = sourcecode.c.h; path = "UIView+FindFirstResponder.h"; sourceTree = "<group>"; };
		385E115518EC35C400AB7570 /* UIView+FindFirstResponder.m */ = {isa = PBXFileReference; fileEncoding = 4; lastKnownFileType = sourcecode.c.objc; path = "UIView+FindFirstResponder.m"; sourceTree = "<group>"; };
		385E115618EC35C400AB7570 /* UIView+PSSizes.h */ = {isa = PBXFileReference; fileEncoding = 4; lastKnownFileType = sourcecode.c.h; path = "UIView+PSSizes.h"; sourceTree = "<group>"; };
		385E115718EC35C400AB7570 /* UIView+PSSizes.m */ = {isa = PBXFileReference; fileEncoding = 4; lastKnownFileType = sourcecode.c.objc; path = "UIView+PSSizes.m"; sourceTree = "<group>"; };
		385E115818EC35C400AB7570 /* UIViewController+FindFirstResponder.h */ = {isa = PBXFileReference; fileEncoding = 4; lastKnownFileType = sourcecode.c.h; path = "UIViewController+FindFirstResponder.h"; sourceTree = "<group>"; };
		385E115918EC35C400AB7570 /* UIViewController+FindFirstResponder.m */ = {isa = PBXFileReference; fileEncoding = 4; lastKnownFileType = sourcecode.c.objc; path = "UIViewController+FindFirstResponder.m"; sourceTree = "<group>"; };
		385E115A18EC35C400AB7570 /* UIViewController+PSStackedView.h */ = {isa = PBXFileReference; fileEncoding = 4; lastKnownFileType = sourcecode.c.h; path = "UIViewController+PSStackedView.h"; sourceTree = "<group>"; };
		385E115B18EC35C400AB7570 /* UIViewController+PSStackedView.m */ = {isa = PBXFileReference; fileEncoding = 4; lastKnownFileType = sourcecode.c.objc; path = "UIViewController+PSStackedView.m"; sourceTree = "<group>"; };
		385E115D18EC35C400AB7570 /* TXBaseViewController.h */ = {isa = PBXFileReference; fileEncoding = 4; lastKnownFileType = sourcecode.c.h; path = TXBaseViewController.h; sourceTree = "<group>"; };
		385E115E18EC35C400AB7570 /* TXBaseViewController.m */ = {isa = PBXFileReference; fileEncoding = 4; lastKnownFileType = sourcecode.c.objc; path = TXBaseViewController.m; sourceTree = "<group>"; };
		385E115F18EC35C400AB7570 /* TXRootViewController.h */ = {isa = PBXFileReference; fileEncoding = 4; lastKnownFileType = sourcecode.c.h; path = TXRootViewController.h; sourceTree = "<group>"; };
		385E116018EC35C400AB7570 /* TXRootViewController.m */ = {isa = PBXFileReference; fileEncoding = 4; lastKnownFileType = sourcecode.c.objc; path = TXRootViewController.m; sourceTree = "<group>"; };
		385E116118EC35C400AB7570 /* AMFRootViewController.xib */ = {isa = PBXFileReference; fileEncoding = 4; lastKnownFileType = file.xib; path = AMFRootViewController.xib; sourceTree = "<group>"; };
		385E116318EC35C400AB7570 /* TXBaseCell.h */ = {isa = PBXFileReference; fileEncoding = 4; lastKnownFileType = sourcecode.c.h; path = TXBaseCell.h; sourceTree = "<group>"; };
		385E116418EC35C400AB7570 /* TXBaseCell.m */ = {isa = PBXFileReference; fileEncoding = 4; lastKnownFileType = sourcecode.c.objc; path = TXBaseCell.m; sourceTree = "<group>"; };
		385E116518EC35C400AB7570 /* TXMenuCell.h */ = {isa = PBXFileReference; fileEncoding = 4; lastKnownFileType = sourcecode.c.h; path = TXMenuCell.h; sourceTree = "<group>"; };
		385E116618EC35C400AB7570 /* TXMenuCell.m */ = {isa = PBXFileReference; fileEncoding = 4; lastKnownFileType = sourcecode.c.objc; path = TXMenuCell.m; sourceTree = "<group>"; };
		385E116718EC35C400AB7570 /* AMFMenuCell.xib */ = {isa = PBXFileReference; fileEncoding = 4; lastKnownFileType = file.xib; path = AMFMenuCell.xib; sourceTree = "<group>"; };
		385E116818EC35C400AB7570 /* TXSimpleSubMenuCell.h */ = {isa = PBXFileReference; fileEncoding = 4; lastKnownFileType = sourcecode.c.h; path = TXSimpleSubMenuCell.h; sourceTree = "<group>"; };
		385E116918EC35C400AB7570 /* TXSimpleSubMenuCell.m */ = {isa = PBXFileReference; fileEncoding = 4; lastKnownFileType = sourcecode.c.objc; path = TXSimpleSubMenuCell.m; sourceTree = "<group>"; };
		385E116A18EC35C400AB7570 /* AMFSimpleSubMenuCell.xib */ = {isa = PBXFileReference; fileEncoding = 4; lastKnownFileType = file.xib; path = AMFSimpleSubMenuCell.xib; sourceTree = "<group>"; };
		385E116C18EC35C400AB7570 /* TXMenuItemObject.h */ = {isa = PBXFileReference; fileEncoding = 4; lastKnownFileType = sourcecode.c.h; path = TXMenuItemObject.h; sourceTree = "<group>"; };
		385E116D18EC35C400AB7570 /* TXMenuItemObject.m */ = {isa = PBXFileReference; fileEncoding = 4; lastKnownFileType = sourcecode.c.objc; path = TXMenuItemObject.m; sourceTree = "<group>"; };
		385E116E18EC35C400AB7570 /* TXObjectPDQ.h */ = {isa = PBXFileReference; fileEncoding = 4; lastKnownFileType = sourcecode.c.h; path = TXObjectPDQ.h; sourceTree = "<group>"; };
		385E116F18EC35C400AB7570 /* TXObjectPDQ.m */ = {isa = PBXFileReference; fileEncoding = 4; lastKnownFileType = sourcecode.c.objc; path = TXObjectPDQ.m; sourceTree = "<group>"; };
		385E117018EC35C400AB7570 /* TXObjectPDQCriteria.h */ = {isa = PBXFileReference; fileEncoding = 4; lastKnownFileType = sourcecode.c.h; path = TXObjectPDQCriteria.h; sourceTree = "<group>"; };
		385E117118EC35C400AB7570 /* TXObjectPDQCriteria.m */ = {isa = PBXFileReference; fileEncoding = 4; lastKnownFileType = sourcecode.c.objc; path = TXObjectPDQCriteria.m; sourceTree = "<group>"; };
		385E117218EC35C400AB7570 /* UIToolbar+AddItems.h */ = {isa = PBXFileReference; fileEncoding = 4; lastKnownFileType = sourcecode.c.h; path = "UIToolbar+AddItems.h"; sourceTree = "<group>"; };
		385E117318EC35C400AB7570 /* UIToolbar+AddItems.m */ = {isa = PBXFileReference; fileEncoding = 4; lastKnownFileType = sourcecode.c.objc; path = "UIToolbar+AddItems.m"; sourceTree = "<group>"; };
		385E117418EC35C400AB7570 /* UIViewController+BaseNavigation.h */ = {isa = PBXFileReference; fileEncoding = 4; lastKnownFileType = sourcecode.c.h; path = "UIViewController+BaseNavigation.h"; sourceTree = "<group>"; };
		385E117518EC35C400AB7570 /* UIViewController+BaseNavigation.m */ = {isa = PBXFileReference; fileEncoding = 4; lastKnownFileType = sourcecode.c.objc; path = "UIViewController+BaseNavigation.m"; sourceTree = "<group>"; };
		385E117718EC35C400AB7570 /* TXContainerView.h */ = {isa = PBXFileReference; fileEncoding = 4; lastKnownFileType = sourcecode.c.h; path = TXContainerView.h; sourceTree = "<group>"; };
		385E117818EC35C400AB7570 /* TXContainerView.m */ = {isa = PBXFileReference; fileEncoding = 4; lastKnownFileType = sourcecode.c.objc; path = TXContainerView.m; sourceTree = "<group>"; };
		385E117918EC35C400AB7570 /* TXStackedView.h */ = {isa = PBXFileReference; fileEncoding = 4; lastKnownFileType = sourcecode.c.h; path = TXStackedView.h; sourceTree = "<group>"; };
		385E117A18EC35C400AB7570 /* TXStackedViewGlobal.h */ = {isa = PBXFileReference; fileEncoding = 4; lastKnownFileType = sourcecode.c.h; path = TXStackedViewGlobal.h; sourceTree = "<group>"; };
		385E117B18EC35C400AB7570 /* TXStackedViewGlobal.m */ = {isa = PBXFileReference; fileEncoding = 4; lastKnownFileType = sourcecode.c.objc; path = TXStackedViewGlobal.m; sourceTree = "<group>"; };
		385E117D18EC35C400AB7570 /* TXAppearanceDelegate.h */ = {isa = PBXFileReference; fileEncoding = 4; lastKnownFileType = sourcecode.c.h; path = TXAppearanceDelegate.h; sourceTree = "<group>"; };
		385E117E18EC35C400AB7570 /* TXBaseNavigationProtocol.h */ = {isa = PBXFileReference; fileEncoding = 4; lastKnownFileType = sourcecode.c.h; path = TXBaseNavigationProtocol.h; sourceTree = "<group>"; };
		385E117F18EC35C400AB7570 /* TXDataInputProtocol.h */ = {isa = PBXFileReference; fileEncoding = 4; lastKnownFileType = sourcecode.c.h; path = TXDataInputProtocol.h; sourceTree = "<group>"; };
		385E118018EC35C400AB7570 /* TXIndeterminateProgressViewController.h */ = {isa = PBXFileReference; fileEncoding = 4; lastKnownFileType = sourcecode.c.h; path = TXIndeterminateProgressViewController.h; sourceTree = "<group>"; };
		385E118118EC35C400AB7570 /* TXIndeterminateProgressViewController.m */ = {isa = PBXFileReference; fileEncoding = 4; lastKnownFileType = sourcecode.c.objc; path = TXIndeterminateProgressViewController.m; sourceTree = "<group>"; };
		385E118218EC35C400AB7570 /* AMFIndeterminateProgressViewController.xib */ = {isa = PBXFileReference; fileEncoding = 4; lastKnownFileType = file.xib; path = AMFIndeterminateProgressViewController.xib; sourceTree = "<group>"; };
		385E118418EC35C400AB7570 /* TXConstants.h */ = {isa = PBXFileReference; fileEncoding = 4; lastKnownFileType = sourcecode.c.h; path = TXConstants.h; sourceTree = "<group>"; };
		385E118518EC35C400AB7570 /* TXConstants.m */ = {isa = PBXFileReference; fileEncoding = 4; lastKnownFileType = sourcecode.c.objc; path = TXConstants.m; sourceTree = "<group>"; };
		385E118718EC35C400AB7570 /* TXDispatchingViewController.h */ = {isa = PBXFileReference; fileEncoding = 4; lastKnownFileType = sourcecode.c.h; path = TXDispatchingViewController.h; sourceTree = "<group>"; };
		385E118818EC35C400AB7570 /* TXDispatchingViewController.m */ = {isa = PBXFileReference; fileEncoding = 4; lastKnownFileType = sourcecode.c.objc; path = TXDispatchingViewController.m; sourceTree = "<group>"; };
		385E118A18EC35C400AB7570 /* UIView+Hierarchy.h */ = {isa = PBXFileReference; fileEncoding = 4; lastKnownFileType = sourcecode.c.h; path = "UIView+Hierarchy.h"; sourceTree = "<group>"; };
		385E118B18EC35C400AB7570 /* UIView+Hierarchy.m */ = {isa = PBXFileReference; fileEncoding = 4; lastKnownFileType = sourcecode.c.objc; path = "UIView+Hierarchy.m"; sourceTree = "<group>"; };
		385E118D18EC35C400AB7570 /* SVProgressHUD.bundle */ = {isa = PBXFileReference; lastKnownFileType = "wrapper.plug-in"; path = SVProgressHUD.bundle; sourceTree = "<group>"; };
		385E118E18EC35C400AB7570 /* SVProgressHUD.h */ = {isa = PBXFileReference; fileEncoding = 4; lastKnownFileType = sourcecode.c.h; path = SVProgressHUD.h; sourceTree = "<group>"; };
		385E118F18EC35C400AB7570 /* SVProgressHUD.m */ = {isa = PBXFileReference; fileEncoding = 4; lastKnownFileType = sourcecode.c.objc; path = SVProgressHUD.m; sourceTree = "<group>"; };
		3865DC96188C13970044A0DC /* Taxi.app */ = {isa = PBXFileReference; explicitFileType = wrapper.application; includeInIndex = 0; path = Taxi.app; sourceTree = BUILT_PRODUCTS_DIR; };
		3865DC99188C13970044A0DC /* Foundation.framework */ = {isa = PBXFileReference; lastKnownFileType = wrapper.framework; name = Foundation.framework; path = System/Library/Frameworks/Foundation.framework; sourceTree = SDKROOT; };
		3865DC9B188C13970044A0DC /* CoreGraphics.framework */ = {isa = PBXFileReference; lastKnownFileType = wrapper.framework; name = CoreGraphics.framework; path = System/Library/Frameworks/CoreGraphics.framework; sourceTree = SDKROOT; };
		3865DC9D188C13970044A0DC /* UIKit.framework */ = {isa = PBXFileReference; lastKnownFileType = wrapper.framework; name = UIKit.framework; path = System/Library/Frameworks/UIKit.framework; sourceTree = SDKROOT; };
		3865DCA1188C13970044A0DC /* Taxi-Info.plist */ = {isa = PBXFileReference; lastKnownFileType = text.plist.xml; path = "Taxi-Info.plist"; sourceTree = "<group>"; };
		3865DCA3188C13970044A0DC /* en */ = {isa = PBXFileReference; lastKnownFileType = text.plist.strings; name = en; path = en.lproj/InfoPlist.strings; sourceTree = "<group>"; };
		3865DCA5188C13970044A0DC /* main.m */ = {isa = PBXFileReference; lastKnownFileType = sourcecode.c.objc; path = main.m; sourceTree = "<group>"; };
		3865DCA7188C13970044A0DC /* Taxi-Prefix.pch */ = {isa = PBXFileReference; lastKnownFileType = sourcecode.c.h; path = "Taxi-Prefix.pch"; sourceTree = "<group>"; };
		3865DCA8188C13970044A0DC /* TXAppDelegate.h */ = {isa = PBXFileReference; lastKnownFileType = sourcecode.c.h; path = TXAppDelegate.h; sourceTree = "<group>"; };
		3865DCA9188C13970044A0DC /* TXAppDelegate.m */ = {isa = PBXFileReference; lastKnownFileType = sourcecode.c.objc; path = TXAppDelegate.m; sourceTree = "<group>"; };
		3865DCAC188C13970044A0DC /* Base */ = {isa = PBXFileReference; lastKnownFileType = file.storyboard; name = Base; path = Base.lproj/Main_iPhone.storyboard; sourceTree = "<group>"; };
		3865DCAF188C13970044A0DC /* Base */ = {isa = PBXFileReference; lastKnownFileType = file.storyboard; name = Base; path = Base.lproj/Main_iPad.storyboard; sourceTree = "<group>"; };
		3865DCB4188C13970044A0DC /* Images.xcassets */ = {isa = PBXFileReference; lastKnownFileType = folder.assetcatalog; path = Images.xcassets; sourceTree = "<group>"; };
		3865DCBA188C13970044A0DC /* TaxiTests.xctest */ = {isa = PBXFileReference; explicitFileType = wrapper.cfbundle; includeInIndex = 0; path = TaxiTests.xctest; sourceTree = BUILT_PRODUCTS_DIR; };
		3865DCBB188C13970044A0DC /* XCTest.framework */ = {isa = PBXFileReference; lastKnownFileType = wrapper.framework; name = XCTest.framework; path = Library/Frameworks/XCTest.framework; sourceTree = DEVELOPER_DIR; };
		3865DCC3188C13970044A0DC /* TaxiTests-Info.plist */ = {isa = PBXFileReference; lastKnownFileType = text.plist.xml; path = "TaxiTests-Info.plist"; sourceTree = "<group>"; };
		3865DCC5188C13970044A0DC /* en */ = {isa = PBXFileReference; lastKnownFileType = text.plist.strings; name = en; path = en.lproj/InfoPlist.strings; sourceTree = "<group>"; };
		3865DCC7188C13970044A0DC /* TaxiTests.m */ = {isa = PBXFileReference; lastKnownFileType = sourcecode.c.objc; path = TaxiTests.m; sourceTree = "<group>"; };
		389EDB5A18F027BD005CAAE7 /* TXSignCheckerVC.h */ = {isa = PBXFileReference; fileEncoding = 4; lastKnownFileType = sourcecode.c.h; path = TXSignCheckerVC.h; sourceTree = "<group>"; };
		389EDB5B18F027BD005CAAE7 /* TXSignCheckerVC.m */ = {isa = PBXFileReference; fileEncoding = 4; lastKnownFileType = sourcecode.c.objc; path = TXSignCheckerVC.m; sourceTree = "<group>"; };
		389EDB5E18F02DD6005CAAE7 /* TXViewControllersCache.h */ = {isa = PBXFileReference; fileEncoding = 4; lastKnownFileType = sourcecode.c.h; path = TXViewControllersCache.h; sourceTree = "<group>"; };
		389EDB5F18F02DD6005CAAE7 /* TXViewControllersCache.m */ = {isa = PBXFileReference; fileEncoding = 4; lastKnownFileType = sourcecode.c.objc; path = TXViewControllersCache.m; sourceTree = "<group>"; };
		38BE647218AA7265006BD587 /* libsqlite3.dylib */ = {isa = PBXFileReference; lastKnownFileType = "compiled.mach-o.dylib"; name = libsqlite3.dylib; path = usr/lib/libsqlite3.dylib; sourceTree = SDKROOT; };
		38C0ECE618EC590E00AFE860 /* GoogleOpenSource.framework */ = {isa = PBXFileReference; lastKnownFileType = wrapper.framework; path = GoogleOpenSource.framework; sourceTree = "<group>"; };
		38C0ECE718EC590E00AFE860 /* GooglePlus.bundle */ = {isa = PBXFileReference; lastKnownFileType = "wrapper.plug-in"; path = GooglePlus.bundle; sourceTree = "<group>"; };
		38C0ECE818EC590E00AFE860 /* GooglePlus.framework */ = {isa = PBXFileReference; lastKnownFileType = wrapper.framework; path = GooglePlus.framework; sourceTree = "<group>"; };
		38C0ECEC18EC592000AFE860 /* AddressBook.framework */ = {isa = PBXFileReference; lastKnownFileType = wrapper.framework; name = AddressBook.framework; path = System/Library/Frameworks/AddressBook.framework; sourceTree = SDKROOT; };
		38C0ECEE18EC592900AFE860 /* AssetsLibrary.framework */ = {isa = PBXFileReference; lastKnownFileType = wrapper.framework; name = AssetsLibrary.framework; path = System/Library/Frameworks/AssetsLibrary.framework; sourceTree = SDKROOT; };
		38C0ECF018EC593900AFE860 /* CoreLocation.framework */ = {isa = PBXFileReference; lastKnownFileType = wrapper.framework; name = CoreLocation.framework; path = System/Library/Frameworks/CoreLocation.framework; sourceTree = SDKROOT; };
		38C0ECF218EC593F00AFE860 /* CoreMotion.framework */ = {isa = PBXFileReference; lastKnownFileType = wrapper.framework; name = CoreMotion.framework; path = System/Library/Frameworks/CoreMotion.framework; sourceTree = SDKROOT; };
		38C0ECF418EC594E00AFE860 /* CoreText.framework */ = {isa = PBXFileReference; lastKnownFileType = wrapper.framework; name = CoreText.framework; path = System/Library/Frameworks/CoreText.framework; sourceTree = SDKROOT; };
		38C0ECF618EC595B00AFE860 /* MediaPlayer.framework */ = {isa = PBXFileReference; lastKnownFileType = wrapper.framework; name = MediaPlayer.framework; path = System/Library/Frameworks/MediaPlayer.framework; sourceTree = SDKROOT; };
		38C0ECF818EC596200AFE860 /* Security.framework */ = {isa = PBXFileReference; lastKnownFileType = wrapper.framework; name = Security.framework; path = System/Library/Frameworks/Security.framework; sourceTree = SDKROOT; };
		38C0ECFA18EC596E00AFE860 /* SystemConfiguration.framework */ = {isa = PBXFileReference; lastKnownFileType = wrapper.framework; name = SystemConfiguration.framework; path = System/Library/Frameworks/SystemConfiguration.framework; sourceTree = SDKROOT; };
		38C0ECFC18EC636900AFE860 /* defaultbg.jpg */ = {isa = PBXFileReference; lastKnownFileType = image.jpeg; path = defaultbg.jpg; sourceTree = "<group>"; };
		38C4F7F118AD024000D6B2CC /* MapKit.framework */ = {isa = PBXFileReference; lastKnownFileType = wrapper.framework; name = MapKit.framework; path = System/Library/Frameworks/MapKit.framework; sourceTree = SDKROOT; };
		38C60B8818D47BEC000A3DD3 /* TXMapVC.h */ = {isa = PBXFileReference; fileEncoding = 4; lastKnownFileType = sourcecode.c.h; path = TXMapVC.h; sourceTree = "<group>"; };
		38C60B8918D47BEC000A3DD3 /* TXMapVC.m */ = {isa = PBXFileReference; fileEncoding = 4; lastKnownFileType = sourcecode.c.objc; path = TXMapVC.m; sourceTree = "<group>"; };
		38D46499188E7EC2005B3A74 /* taxiLib.xcodeproj */ = {isa = PBXFileReference; lastKnownFileType = "wrapper.pb-project"; name = taxiLib.xcodeproj; path = taxiLib/taxiLib.xcodeproj; sourceTree = "<group>"; };
		38D464F9188E9056005B3A74 /* taxi.bundle */ = {isa = PBXFileReference; lastKnownFileType = "wrapper.plug-in"; name = taxi.bundle; path = taxiLib/taxi.bundle; sourceTree = "<group>"; };
		38D6DF8B18BB5FA9004A0E81 /* TXRegisterVC.h */ = {isa = PBXFileReference; fileEncoding = 4; lastKnownFileType = sourcecode.c.h; path = TXRegisterVC.h; sourceTree = "<group>"; };
		38D6DF8C18BB5FA9004A0E81 /* TXRegisterVC.m */ = {isa = PBXFileReference; fileEncoding = 4; lastKnownFileType = sourcecode.c.objc; path = TXRegisterVC.m; sourceTree = "<group>"; };
		38DABBC318D9AA72005D4AC4 /* TXGoogleAPIUtil.h */ = {isa = PBXFileReference; fileEncoding = 4; lastKnownFileType = sourcecode.c.h; path = TXGoogleAPIUtil.h; sourceTree = "<group>"; };
		38DABBC418D9AA72005D4AC4 /* TXGoogleAPIUtil.m */ = {isa = PBXFileReference; fileEncoding = 4; lastKnownFileType = sourcecode.c.objc; path = TXGoogleAPIUtil.m; sourceTree = "<group>"; };
/* End PBXFileReference section */

/* Begin PBXFrameworksBuildPhase section */
		3865DC93188C13970044A0DC /* Frameworks */ = {
			isa = PBXFrameworksBuildPhase;
			buildActionMask = 2147483647;
			files = (
				3865DC9E188C13970044A0DC /* UIKit.framework in Frameworks */,
				38C0ECFB18EC596E00AFE860 /* SystemConfiguration.framework in Frameworks */,
				38C0ECF918EC596200AFE860 /* Security.framework in Frameworks */,
				38C0ECF718EC595B00AFE860 /* MediaPlayer.framework in Frameworks */,
				38C0ECF518EC594E00AFE860 /* CoreText.framework in Frameworks */,
				3865DC9C188C13970044A0DC /* CoreGraphics.framework in Frameworks */,
				38C0ECF318EC593F00AFE860 /* CoreMotion.framework in Frameworks */,
				38C0ECF118EC593900AFE860 /* CoreLocation.framework in Frameworks */,
				38C0ECEF18EC592900AFE860 /* AssetsLibrary.framework in Frameworks */,
				38C0ECED18EC592000AFE860 /* AddressBook.framework in Frameworks */,
				385E113918EB0B0800AB7570 /* libsqlite3.dylib in Frameworks */,
				38C4F7F218AD024000D6B2CC /* MapKit.framework in Frameworks */,
				38D464EF188E804C005B3A74 /* libtaxiLib.a in Frameworks */,
				3865DC9A188C13970044A0DC /* Foundation.framework in Frameworks */,
				38C0ECE918EC590E00AFE860 /* GoogleOpenSource.framework in Frameworks */,
				38C0ECEB18EC590F00AFE860 /* GooglePlus.framework in Frameworks */,
				3827824718BA023D0036238A /* FacebookSDK.framework in Frameworks */,
			);
			runOnlyForDeploymentPostprocessing = 0;
		};
		3865DCB7188C13970044A0DC /* Frameworks */ = {
			isa = PBXFrameworksBuildPhase;
			buildActionMask = 2147483647;
			files = (
				3865DCBC188C13970044A0DC /* XCTest.framework in Frameworks */,
				3865DCBE188C13970044A0DC /* UIKit.framework in Frameworks */,
				3865DCBD188C13970044A0DC /* Foundation.framework in Frameworks */,
			);
			runOnlyForDeploymentPostprocessing = 0;
		};
/* End PBXFrameworksBuildPhase section */

/* Begin PBXGroup section */
		3826CC2A18EEC732003D7AD2 /* call */ = {
			isa = PBXGroup;
			children = (
			);
			path = call;
			sourceTree = "<group>";
		};
		3826CC2B18EEDBAD003D7AD2 /* SlideMenu */ = {
			isa = PBXGroup;
			children = (
				3826CC4518EEDF27003D7AD2 /* MenuViewController.h */,
				3826CC4618EEDF27003D7AD2 /* MenuViewController.m */,
				3826CC2C18EEDBAD003D7AD2 /* Animations */,
				3826CC3818EEDBAD003D7AD2 /* Assets */,
				3826CC3B18EEDBAD003D7AD2 /* SlideNavigationController.h */,
				3826CC3C18EEDBAD003D7AD2 /* SlideNavigationController.m */,
			);
			path = SlideMenu;
			sourceTree = "<group>";
		};
		3826CC2C18EEDBAD003D7AD2 /* Animations */ = {
			isa = PBXGroup;
			children = (
				3826CC2D18EEDBAD003D7AD2 /* SlideNavigationContorllerAnimator.h */,
				3826CC2E18EEDBAD003D7AD2 /* SlideNavigationContorllerAnimatorFade.h */,
				3826CC2F18EEDBAD003D7AD2 /* SlideNavigationContorllerAnimatorFade.m */,
				3826CC3018EEDBAD003D7AD2 /* SlideNavigationContorllerAnimatorScale.h */,
				3826CC3118EEDBAD003D7AD2 /* SlideNavigationContorllerAnimatorScale.m */,
				3826CC3218EEDBAD003D7AD2 /* SlideNavigationContorllerAnimatorScaleAndFade.h */,
				3826CC3318EEDBAD003D7AD2 /* SlideNavigationContorllerAnimatorScaleAndFade.m */,
				3826CC3418EEDBAD003D7AD2 /* SlideNavigationContorllerAnimatorSlide.h */,
				3826CC3518EEDBAD003D7AD2 /* SlideNavigationContorllerAnimatorSlide.m */,
				3826CC3618EEDBAD003D7AD2 /* SlideNavigationContorllerAnimatorSlideAndFade.h */,
				3826CC3718EEDBAD003D7AD2 /* SlideNavigationContorllerAnimatorSlideAndFade.m */,
			);
			path = Animations;
			sourceTree = "<group>";
		};
		3826CC3818EEDBAD003D7AD2 /* Assets */ = {
			isa = PBXGroup;
			children = (
				3826CC3918EEDBAD003D7AD2 /* menu-button.png */,
				3826CC3A18EEDBAD003D7AD2 /* menu-button@2x.png */,
			);
			path = Assets;
			sourceTree = "<group>";
		};
		3827823818B8D5F40036238A /* obj */ = {
			isa = PBXGroup;
			children = (
				3827823918B8D5F40036238A /* TXBaseObj.h */,
				3827823A18B8D5F40036238A /* TXBaseObj.m */,
				3827823B18B8D5F40036238A /* TXPropertyConsts.h */,
				3827823C18B8D5F40036238A /* TXPropertyConsts.m */,
				3827823D18B8D5F40036238A /* TXUser.h */,
				3827823E18B8D5F40036238A /* TXUser.m */,
			);
			name = obj;
			path = model/obj;
			sourceTree = "<group>";
		};
		3827824518B8E8560036238A /* ViewControllers */ = {
			isa = PBXGroup;
			children = (
				3826CC2B18EEDBAD003D7AD2 /* SlideMenu */,
				3826CC2A18EEC732003D7AD2 /* call */,
				385E114A18EC35C400AB7570 /* ThirdParty */,
				385E113A18EC2C5600AB7570 /* user */,
				388D6D8118BB89D40099C1C2 /* util */,
				388D6D7818BB83880099C1C2 /* img */,
				385E113E18EC348F00AB7570 /* TXMainVC.h */,
				385E113F18EC348F00AB7570 /* TXMainVC.m */,
				38D6DF8B18BB5FA9004A0E81 /* TXRegisterVC.h */,
				38D6DF8C18BB5FA9004A0E81 /* TXRegisterVC.m */,
				3815177C18C364BA005F915C /* TXRootVC.h */,
				3815177D18C364BA005F915C /* TXRootVC.m */,
				38C60B8818D47BEC000A3DD3 /* TXMapVC.h */,
				38C60B8918D47BEC000A3DD3 /* TXMapVC.m */,
			);
			path = ViewControllers;
			sourceTree = "<group>";
		};
		385E113A18EC2C5600AB7570 /* user */ = {
			isa = PBXGroup;
			children = (
				385E114118EC349E00AB7570 /* TXSignUpVC.h */,
				385E114218EC349E00AB7570 /* TXSignUpVC.m */,
				385E114418EC34AD00AB7570 /* TXSignInVC.h */,
				385E114518EC34AD00AB7570 /* TXSignInVC.m */,
				389EDB5A18F027BD005CAAE7 /* TXSignCheckerVC.h */,
				389EDB5B18F027BD005CAAE7 /* TXSignCheckerVC.m */,
			);
			path = user;
			sourceTree = "<group>";
		};
		385E114A18EC35C400AB7570 /* ThirdParty */ = {
			isa = PBXGroup;
			children = (
				385E114B18EC35C400AB7570 /* PSStackedView */,
				385E118C18EC35C400AB7570 /* SVProgressHUD */,
			);
			path = ThirdParty;
			sourceTree = "<group>";
		};
		385E114B18EC35C400AB7570 /* PSStackedView */ = {
			isa = PBXGroup;
			children = (
				385E114C18EC35C400AB7570 /* AppNavigation */,
				385E117C18EC35C400AB7570 /* Base */,
				385E118318EC35C400AB7570 /* Core */,
				385E118618EC35C400AB7570 /* Dispatcher */,
				385E118918EC35C400AB7570 /* UIView+Hierarchy */,
			);
			path = PSStackedView;
			sourceTree = "<group>";
		};
		385E114C18EC35C400AB7570 /* AppNavigation */ = {
			isa = PBXGroup;
			children = (
				385E114D18EC35C400AB7570 /* AMFAlertView */,
				385E115018EC35C400AB7570 /* TXStackedViewController.h */,
				385E115118EC35C400AB7570 /* TXStackedViewController.m */,
				385E115218EC35C400AB7570 /* TXStackedViewDelegate.h */,
				385E115318EC35C400AB7570 /* Helpers */,
				385E115C18EC35C400AB7570 /* Root */,
				385E117618EC35C400AB7570 /* Views */,
			);
			path = AppNavigation;
			sourceTree = "<group>";
		};
		385E114D18EC35C400AB7570 /* AMFAlertView */ = {
			isa = PBXGroup;
			children = (
				385E114E18EC35C400AB7570 /* TXAlertView.h */,
				385E114F18EC35C400AB7570 /* TXAlertView.m */,
			);
			path = AMFAlertView;
			sourceTree = "<group>";
		};
		385E115318EC35C400AB7570 /* Helpers */ = {
			isa = PBXGroup;
			children = (
				385E115418EC35C400AB7570 /* UIView+FindFirstResponder.h */,
				385E115518EC35C400AB7570 /* UIView+FindFirstResponder.m */,
				385E115618EC35C400AB7570 /* UIView+PSSizes.h */,
				385E115718EC35C400AB7570 /* UIView+PSSizes.m */,
				385E115818EC35C400AB7570 /* UIViewController+FindFirstResponder.h */,
				385E115918EC35C400AB7570 /* UIViewController+FindFirstResponder.m */,
				385E115A18EC35C400AB7570 /* UIViewController+PSStackedView.h */,
				385E115B18EC35C400AB7570 /* UIViewController+PSStackedView.m */,
			);
			path = Helpers;
			sourceTree = "<group>";
		};
		385E115C18EC35C400AB7570 /* Root */ = {
			isa = PBXGroup;
			children = (
				385E115D18EC35C400AB7570 /* TXBaseViewController.h */,
				385E115E18EC35C400AB7570 /* TXBaseViewController.m */,
				385E115F18EC35C400AB7570 /* TXRootViewController.h */,
				385E116018EC35C400AB7570 /* TXRootViewController.m */,
				385E116118EC35C400AB7570 /* AMFRootViewController.xib */,
				385E116218EC35C400AB7570 /* Cells */,
				385E116B18EC35C400AB7570 /* Helpers */,
			);
			path = Root;
			sourceTree = "<group>";
		};
		385E116218EC35C400AB7570 /* Cells */ = {
			isa = PBXGroup;
			children = (
				385E116318EC35C400AB7570 /* TXBaseCell.h */,
				385E116418EC35C400AB7570 /* TXBaseCell.m */,
				385E116518EC35C400AB7570 /* TXMenuCell.h */,
				385E116618EC35C400AB7570 /* TXMenuCell.m */,
				385E116718EC35C400AB7570 /* AMFMenuCell.xib */,
				385E116818EC35C400AB7570 /* TXSimpleSubMenuCell.h */,
				385E116918EC35C400AB7570 /* TXSimpleSubMenuCell.m */,
				385E116A18EC35C400AB7570 /* AMFSimpleSubMenuCell.xib */,
			);
			path = Cells;
			sourceTree = "<group>";
		};
		385E116B18EC35C400AB7570 /* Helpers */ = {
			isa = PBXGroup;
			children = (
				385E116C18EC35C400AB7570 /* TXMenuItemObject.h */,
				385E116D18EC35C400AB7570 /* TXMenuItemObject.m */,
				385E116E18EC35C400AB7570 /* TXObjectPDQ.h */,
				385E116F18EC35C400AB7570 /* TXObjectPDQ.m */,
				385E117018EC35C400AB7570 /* TXObjectPDQCriteria.h */,
				385E117118EC35C400AB7570 /* TXObjectPDQCriteria.m */,
				385E117218EC35C400AB7570 /* UIToolbar+AddItems.h */,
				385E117318EC35C400AB7570 /* UIToolbar+AddItems.m */,
				385E117418EC35C400AB7570 /* UIViewController+BaseNavigation.h */,
				385E117518EC35C400AB7570 /* UIViewController+BaseNavigation.m */,
			);
			path = Helpers;
			sourceTree = "<group>";
		};
		385E117618EC35C400AB7570 /* Views */ = {
			isa = PBXGroup;
			children = (
				385E117718EC35C400AB7570 /* TXContainerView.h */,
				385E117818EC35C400AB7570 /* TXContainerView.m */,
				385E117918EC35C400AB7570 /* TXStackedView.h */,
				385E117A18EC35C400AB7570 /* TXStackedViewGlobal.h */,
				385E117B18EC35C400AB7570 /* TXStackedViewGlobal.m */,
			);
			path = Views;
			sourceTree = "<group>";
		};
		385E117C18EC35C400AB7570 /* Base */ = {
			isa = PBXGroup;
			children = (
				385E117D18EC35C400AB7570 /* TXAppearanceDelegate.h */,
				385E117E18EC35C400AB7570 /* TXBaseNavigationProtocol.h */,
				385E117F18EC35C400AB7570 /* TXDataInputProtocol.h */,
				385E118018EC35C400AB7570 /* TXIndeterminateProgressViewController.h */,
				385E118118EC35C400AB7570 /* TXIndeterminateProgressViewController.m */,
				385E118218EC35C400AB7570 /* AMFIndeterminateProgressViewController.xib */,
			);
			path = Base;
			sourceTree = "<group>";
		};
		385E118318EC35C400AB7570 /* Core */ = {
			isa = PBXGroup;
			children = (
				385E118418EC35C400AB7570 /* TXConstants.h */,
				385E118518EC35C400AB7570 /* TXConstants.m */,
			);
			path = Core;
			sourceTree = "<group>";
		};
		385E118618EC35C400AB7570 /* Dispatcher */ = {
			isa = PBXGroup;
			children = (
				385E118718EC35C400AB7570 /* TXDispatchingViewController.h */,
				385E118818EC35C400AB7570 /* TXDispatchingViewController.m */,
			);
			path = Dispatcher;
			sourceTree = "<group>";
		};
		385E118918EC35C400AB7570 /* UIView+Hierarchy */ = {
			isa = PBXGroup;
			children = (
				385E118A18EC35C400AB7570 /* UIView+Hierarchy.h */,
				385E118B18EC35C400AB7570 /* UIView+Hierarchy.m */,
			);
			path = "UIView+Hierarchy";
			sourceTree = "<group>";
		};
		385E118C18EC35C400AB7570 /* SVProgressHUD */ = {
			isa = PBXGroup;
			children = (
				385E118D18EC35C400AB7570 /* SVProgressHUD.bundle */,
				385E118E18EC35C400AB7570 /* SVProgressHUD.h */,
				385E118F18EC35C400AB7570 /* SVProgressHUD.m */,
			);
			path = SVProgressHUD;
			sourceTree = "<group>";
		};
		3865DC8D188C13970044A0DC = {
			isa = PBXGroup;
			children = (
				38D464F9188E9056005B3A74 /* taxi.bundle */,
				38D46499188E7EC2005B3A74 /* taxiLib.xcodeproj */,
				3865DC9F188C13970044A0DC /* Taxi */,
				3865DCC1188C13970044A0DC /* TaxiTests */,
				3865DC98188C13970044A0DC /* Frameworks */,
				3865DC97188C13970044A0DC /* Products */,
			);
			sourceTree = "<group>";
		};
		3865DC97188C13970044A0DC /* Products */ = {
			isa = PBXGroup;
			children = (
				3865DC96188C13970044A0DC /* Taxi.app */,
				3865DCBA188C13970044A0DC /* TaxiTests.xctest */,
			);
			name = Products;
			sourceTree = "<group>";
		};
		3865DC98188C13970044A0DC /* Frameworks */ = {
			isa = PBXGroup;
			children = (
				38C0ECFA18EC596E00AFE860 /* SystemConfiguration.framework */,
				38C0ECF818EC596200AFE860 /* Security.framework */,
				38C0ECF618EC595B00AFE860 /* MediaPlayer.framework */,
				38C0ECF418EC594E00AFE860 /* CoreText.framework */,
				38C0ECF218EC593F00AFE860 /* CoreMotion.framework */,
				38C0ECF018EC593900AFE860 /* CoreLocation.framework */,
				38C0ECEE18EC592900AFE860 /* AssetsLibrary.framework */,
				38C0ECEC18EC592000AFE860 /* AddressBook.framework */,
				38C0ECE618EC590E00AFE860 /* GoogleOpenSource.framework */,
				38C0ECE718EC590E00AFE860 /* GooglePlus.bundle */,
				38C0ECE818EC590E00AFE860 /* GooglePlus.framework */,
				3827824618BA023D0036238A /* FacebookSDK.framework */,
				38C4F7F118AD024000D6B2CC /* MapKit.framework */,
				38BE647218AA7265006BD587 /* libsqlite3.dylib */,
				3865DC99188C13970044A0DC /* Foundation.framework */,
				3865DC9B188C13970044A0DC /* CoreGraphics.framework */,
				3865DC9D188C13970044A0DC /* UIKit.framework */,
				3865DCBB188C13970044A0DC /* XCTest.framework */,
			);
			name = Frameworks;
			sourceTree = "<group>";
		};
		3865DC9F188C13970044A0DC /* Taxi */ = {
			isa = PBXGroup;
			children = (
				38DABBC118D9AA43005D4AC4 /* util */,
				3827824518B8E8560036238A /* ViewControllers */,
				386E137C18954E7400DF4CB8 /* model */,
				3865DCA8188C13970044A0DC /* TXAppDelegate.h */,
				3865DCA9188C13970044A0DC /* TXAppDelegate.m */,
				3865DCAB188C13970044A0DC /* Main_iPhone.storyboard */,
				3865DCAE188C13970044A0DC /* Main_iPad.storyboard */,
				3865DCB4188C13970044A0DC /* Images.xcassets */,
				3865DCA0188C13970044A0DC /* Supporting Files */,
				3827824218B8E55F0036238A /* TXUserAPITest.h */,
				3827824318B8E55F0036238A /* TXUserAPITest.m */,
			);
			path = Taxi;
			sourceTree = "<group>";
		};
		3865DCA0188C13970044A0DC /* Supporting Files */ = {
			isa = PBXGroup;
			children = (
				3865DCA1188C13970044A0DC /* Taxi-Info.plist */,
				3865DCA2188C13970044A0DC /* InfoPlist.strings */,
				3865DCA5188C13970044A0DC /* main.m */,
				3865DCA7188C13970044A0DC /* Taxi-Prefix.pch */,
			);
			name = "Supporting Files";
			sourceTree = "<group>";
		};
		3865DCC1188C13970044A0DC /* TaxiTests */ = {
			isa = PBXGroup;
			children = (
				3865DCC7188C13970044A0DC /* TaxiTests.m */,
				3865DCC2188C13970044A0DC /* Supporting Files */,
			);
			path = TaxiTests;
			sourceTree = "<group>";
		};
		3865DCC2188C13970044A0DC /* Supporting Files */ = {
			isa = PBXGroup;
			children = (
				3865DCC3188C13970044A0DC /* TaxiTests-Info.plist */,
				3865DCC4188C13970044A0DC /* InfoPlist.strings */,
			);
			name = "Supporting Files";
			sourceTree = "<group>";
		};
		386E137C18954E7400DF4CB8 /* model */ = {
			isa = PBXGroup;
			children = (
				3827823818B8D5F40036238A /* obj */,
				3827822518B8CE920036238A /* TXConsts.h */,
				3827822618B8CE920036238A /* TXConsts.m */,
				3827822718B8CE920036238A /* TXModelBase.h */,
				3827822818B8CE920036238A /* TXModelBase.m */,
				3827822918B8CE920036238A /* TXUserModel.h */,
				3827822A18B8CE920036238A /* TXUserModel.m */,
				3827822B18B8CE920036238A /* TXSharedObj.h */,
				3827822C18B8CE920036238A /* TXSharedObj.m */,
				3827822D18B8CE920036238A /* Types.h */,
				3827822E18B8CE920036238A /* Types.m */,
			);
			name = model;
			sourceTree = "<group>";
		};
		388D6D7818BB83880099C1C2 /* img */ = {
			isa = PBXGroup;
			children = (
				3826CC4E18EF02A0003D7AD2 /* button-settings.png */,
				3826CC4C18EF002E003D7AD2 /* button-signout.png */,
				3826CC4A18EEFE08003D7AD2 /* button-profile.png */,
				3826CC4818EEFAB8003D7AD2 /* button-home.png */,
				3826CC2718EEC57A003D7AD2 /* menu-alt.png */,
				38C0ECFC18EC636900AFE860 /* defaultbg.jpg */,
			);
			path = img;
			sourceTree = "<group>";
		};
		388D6D8118BB89D40099C1C2 /* util */ = {
			isa = PBXGroup;
			children = (
			);
			path = util;
			sourceTree = "<group>";
		};
		38D4649A188E7EC2005B3A74 /* Products */ = {
			isa = PBXGroup;
			children = (
				38D4649F188E7EC2005B3A74 /* libtaxiLib.a */,
				38D464A1188E7EC2005B3A74 /* taxiLibTests.xctest */,
			);
			name = Products;
			sourceTree = "<group>";
		};
		38DABBC118D9AA43005D4AC4 /* util */ = {
			isa = PBXGroup;
			children = (
				38DABBC318D9AA72005D4AC4 /* TXGoogleAPIUtil.h */,
				38DABBC418D9AA72005D4AC4 /* TXGoogleAPIUtil.m */,
				389EDB5E18F02DD6005CAAE7 /* TXViewControllersCache.h */,
				389EDB5F18F02DD6005CAAE7 /* TXViewControllersCache.m */,
			);
			path = util;
			sourceTree = "<group>";
		};
/* End PBXGroup section */

/* Begin PBXNativeTarget section */
		3865DC95188C13970044A0DC /* Taxi */ = {
			isa = PBXNativeTarget;
			buildConfigurationList = 3865DCCB188C13970044A0DC /* Build configuration list for PBXNativeTarget "Taxi" */;
			buildPhases = (
				3865DC92188C13970044A0DC /* Sources */,
				3865DC93188C13970044A0DC /* Frameworks */,
				3865DC94188C13970044A0DC /* Resources */,
			);
			buildRules = (
			);
			dependencies = (
				38D464EE188E803F005B3A74 /* PBXTargetDependency */,
			);
			name = Taxi;
			productName = Taxi;
			productReference = 3865DC96188C13970044A0DC /* Taxi.app */;
			productType = "com.apple.product-type.application";
		};
		3865DCB9188C13970044A0DC /* TaxiTests */ = {
			isa = PBXNativeTarget;
			buildConfigurationList = 3865DCCE188C13970044A0DC /* Build configuration list for PBXNativeTarget "TaxiTests" */;
			buildPhases = (
				3865DCB6188C13970044A0DC /* Sources */,
				3865DCB7188C13970044A0DC /* Frameworks */,
				3865DCB8188C13970044A0DC /* Resources */,
			);
			buildRules = (
			);
			dependencies = (
				3865DCC0188C13970044A0DC /* PBXTargetDependency */,
			);
			name = TaxiTests;
			productName = TaxiTests;
			productReference = 3865DCBA188C13970044A0DC /* TaxiTests.xctest */;
			productType = "com.apple.product-type.bundle.unit-test";
		};
/* End PBXNativeTarget section */

/* Begin PBXProject section */
		3865DC8E188C13970044A0DC /* Project object */ = {
			isa = PBXProject;
			attributes = {
				CLASSPREFIX = TX;
				LastUpgradeCheck = 0510;
				ORGANIZATIONNAME = 99S;
				TargetAttributes = {
					3865DCB9188C13970044A0DC = {
						TestTargetID = 3865DC95188C13970044A0DC;
					};
				};
			};
			buildConfigurationList = 3865DC91188C13970044A0DC /* Build configuration list for PBXProject "Taxi" */;
			compatibilityVersion = "Xcode 3.2";
			developmentRegion = English;
			hasScannedForEncodings = 0;
			knownRegions = (
				en,
				Base,
			);
			mainGroup = 3865DC8D188C13970044A0DC;
			productRefGroup = 3865DC97188C13970044A0DC /* Products */;
			projectDirPath = "";
			projectReferences = (
				{
					ProductGroup = 38D4649A188E7EC2005B3A74 /* Products */;
					ProjectRef = 38D46499188E7EC2005B3A74 /* taxiLib.xcodeproj */;
				},
			);
			projectRoot = "";
			targets = (
				3865DC95188C13970044A0DC /* Taxi */,
				3865DCB9188C13970044A0DC /* TaxiTests */,
			);
		};
/* End PBXProject section */

/* Begin PBXReferenceProxy section */
		38D4649F188E7EC2005B3A74 /* libtaxiLib.a */ = {
			isa = PBXReferenceProxy;
			fileType = archive.ar;
			path = libtaxiLib.a;
			remoteRef = 38D4649E188E7EC2005B3A74 /* PBXContainerItemProxy */;
			sourceTree = BUILT_PRODUCTS_DIR;
		};
		38D464A1188E7EC2005B3A74 /* taxiLibTests.xctest */ = {
			isa = PBXReferenceProxy;
			fileType = wrapper.cfbundle;
			path = taxiLibTests.xctest;
			remoteRef = 38D464A0188E7EC2005B3A74 /* PBXContainerItemProxy */;
			sourceTree = BUILT_PRODUCTS_DIR;
		};
/* End PBXReferenceProxy section */

/* Begin PBXResourcesBuildPhase section */
		3865DC94188C13970044A0DC /* Resources */ = {
			isa = PBXResourcesBuildPhase;
			buildActionMask = 2147483647;
			files = (
				3826CC4218EEDBAD003D7AD2 /* menu-button.png in Resources */,
				385E11A618EC35C400AB7570 /* AMFIndeterminateProgressViewController.xib in Resources */,
				385E119D18EC35C400AB7570 /* AMFSimpleSubMenuCell.xib in Resources */,
				38D464FA188E9056005B3A74 /* taxi.bundle in Resources */,
				3826CC4918EEFAB8003D7AD2 /* button-home.png in Resources */,
				385E119B18EC35C400AB7570 /* AMFMenuCell.xib in Resources */,
				3826CC4B18EEFE08003D7AD2 /* button-profile.png in Resources */,
				3865DCB0188C13970044A0DC /* Main_iPad.storyboard in Resources */,
				3826CC4F18EF02A0003D7AD2 /* button-settings.png in Resources */,
				3865DCB5188C13970044A0DC /* Images.xcassets in Resources */,
				38C0ECFD18EC636900AFE860 /* defaultbg.jpg in Resources */,
				3865DCAD188C13970044A0DC /* Main_iPhone.storyboard in Resources */,
				385E119818EC35C400AB7570 /* AMFRootViewController.xib in Resources */,
				3826CC4318EEDBAD003D7AD2 /* menu-button@2x.png in Resources */,
				3826CC4D18EF002E003D7AD2 /* button-signout.png in Resources */,
				3865DCA4188C13970044A0DC /* InfoPlist.strings in Resources */,
				38C0ECEA18EC590F00AFE860 /* GooglePlus.bundle in Resources */,
				385E11AA18EC35C400AB7570 /* SVProgressHUD.bundle in Resources */,
				3826CC2818EEC57A003D7AD2 /* menu-alt.png in Resources */,
			);
			runOnlyForDeploymentPostprocessing = 0;
		};
		3865DCB8188C13970044A0DC /* Resources */ = {
			isa = PBXResourcesBuildPhase;
			buildActionMask = 2147483647;
			files = (
				3865DCC6188C13970044A0DC /* InfoPlist.strings in Resources */,
			);
			runOnlyForDeploymentPostprocessing = 0;
		};
/* End PBXResourcesBuildPhase section */

/* Begin PBXSourcesBuildPhase section */
		3865DC92188C13970044A0DC /* Sources */ = {
			isa = PBXSourcesBuildPhase;
			buildActionMask = 2147483647;
			files = (
				385E119618EC35C400AB7570 /* TXBaseViewController.m in Sources */,
				3826CC4718EEDF27003D7AD2 /* MenuViewController.m in Sources */,
				3865DCAA188C13970044A0DC /* TXAppDelegate.m in Sources */,
				385E119218EC35C400AB7570 /* UIView+FindFirstResponder.m in Sources */,
				385E119918EC35C400AB7570 /* TXBaseCell.m in Sources */,
				3865DCA6188C13970044A0DC /* main.m in Sources */,
				385E119A18EC35C400AB7570 /* TXMenuCell.m in Sources */,
				3827823118B8CE920036238A /* TXUserModel.m in Sources */,
				38DABBC518D9AA72005D4AC4 /* TXGoogleAPIUtil.m in Sources */,
				385E119118EC35C400AB7570 /* TXStackedViewController.m in Sources */,
				3827824018B8D5F40036238A /* TXPropertyConsts.m in Sources */,
				3827824118B8D5F40036238A /* TXUser.m in Sources */,
				385E11A018EC35C400AB7570 /* TXObjectPDQCriteria.m in Sources */,
				385E119518EC35C400AB7570 /* UIViewController+PSStackedView.m in Sources */,
				385E11A818EC35C400AB7570 /* TXDispatchingViewController.m in Sources */,
				385E11A518EC35C400AB7570 /* TXIndeterminateProgressViewController.m in Sources */,
				3826CC3D18EEDBAD003D7AD2 /* SlideNavigationContorllerAnimatorFade.m in Sources */,
				3827823018B8CE920036238A /* TXModelBase.m in Sources */,
				3827822F18B8CE920036238A /* TXConsts.m in Sources */,
				385E11A918EC35C400AB7570 /* UIView+Hierarchy.m in Sources */,
				385E119F18EC35C400AB7570 /* TXObjectPDQ.m in Sources */,
				389EDB5C18F027BD005CAAE7 /* TXSignCheckerVC.m in Sources */,
				385E11A718EC35C400AB7570 /* TXConstants.m in Sources */,
				385E119E18EC35C400AB7570 /* TXMenuItemObject.m in Sources */,
				3827823218B8CE920036238A /* TXSharedObj.m in Sources */,
				3826CC3E18EEDBAD003D7AD2 /* SlideNavigationContorllerAnimatorScale.m in Sources */,
				3827823F18B8D5F40036238A /* TXBaseObj.m in Sources */,
				3815177E18C364BA005F915C /* TXRootVC.m in Sources */,
				385E119018EC35C400AB7570 /* TXAlertView.m in Sources */,
				385E114618EC34AD00AB7570 /* TXSignInVC.m in Sources */,
				3826CC4118EEDBAD003D7AD2 /* SlideNavigationContorllerAnimatorSlideAndFade.m in Sources */,
				3826CC4418EEDBAD003D7AD2 /* SlideNavigationController.m in Sources */,
				385E119418EC35C400AB7570 /* UIViewController+FindFirstResponder.m in Sources */,
				3826CC3F18EEDBAD003D7AD2 /* SlideNavigationContorllerAnimatorScaleAndFade.m in Sources */,
				385E11A118EC35C400AB7570 /* UIToolbar+AddItems.m in Sources */,
				385E114318EC349E00AB7570 /* TXSignUpVC.m in Sources */,
				385E114018EC348F00AB7570 /* TXMainVC.m in Sources */,
				385E11A318EC35C400AB7570 /* TXContainerView.m in Sources */,
				3827823318B8CE920036238A /* Types.m in Sources */,
				389EDB6018F02DD6005CAAE7 /* TXViewControllersCache.m in Sources */,
				38D6DF8D18BB5FA9004A0E81 /* TXRegisterVC.m in Sources */,
				3827824418B8E55F0036238A /* TXUserAPITest.m in Sources */,
				385E11AB18EC35C400AB7570 /* SVProgressHUD.m in Sources */,
				385E119718EC35C400AB7570 /* TXRootViewController.m in Sources */,
				385E119318EC35C400AB7570 /* UIView+PSSizes.m in Sources */,
				385E11A418EC35C400AB7570 /* TXStackedViewGlobal.m in Sources */,
				3826CC4018EEDBAD003D7AD2 /* SlideNavigationContorllerAnimatorSlide.m in Sources */,
				385E119C18EC35C400AB7570 /* TXSimpleSubMenuCell.m in Sources */,
				385E11A218EC35C400AB7570 /* UIViewController+BaseNavigation.m in Sources */,
				38C60B8A18D47BEC000A3DD3 /* TXMapVC.m in Sources */,
			);
			runOnlyForDeploymentPostprocessing = 0;
		};
		3865DCB6188C13970044A0DC /* Sources */ = {
			isa = PBXSourcesBuildPhase;
			buildActionMask = 2147483647;
			files = (
				3865DCC8188C13970044A0DC /* TaxiTests.m in Sources */,
			);
			runOnlyForDeploymentPostprocessing = 0;
		};
/* End PBXSourcesBuildPhase section */

/* Begin PBXTargetDependency section */
		3865DCC0188C13970044A0DC /* PBXTargetDependency */ = {
			isa = PBXTargetDependency;
			target = 3865DC95188C13970044A0DC /* Taxi */;
			targetProxy = 3865DCBF188C13970044A0DC /* PBXContainerItemProxy */;
		};
		38D464EE188E803F005B3A74 /* PBXTargetDependency */ = {
			isa = PBXTargetDependency;
			name = taxiLib;
			targetProxy = 38D464ED188E803F005B3A74 /* PBXContainerItemProxy */;
		};
/* End PBXTargetDependency section */

/* Begin PBXVariantGroup section */
		3865DCA2188C13970044A0DC /* InfoPlist.strings */ = {
			isa = PBXVariantGroup;
			children = (
				3865DCA3188C13970044A0DC /* en */,
			);
			name = InfoPlist.strings;
			sourceTree = "<group>";
		};
		3865DCAB188C13970044A0DC /* Main_iPhone.storyboard */ = {
			isa = PBXVariantGroup;
			children = (
				3865DCAC188C13970044A0DC /* Base */,
			);
			name = Main_iPhone.storyboard;
			sourceTree = "<group>";
		};
		3865DCAE188C13970044A0DC /* Main_iPad.storyboard */ = {
			isa = PBXVariantGroup;
			children = (
				3865DCAF188C13970044A0DC /* Base */,
			);
			name = Main_iPad.storyboard;
			sourceTree = "<group>";
		};
		3865DCC4188C13970044A0DC /* InfoPlist.strings */ = {
			isa = PBXVariantGroup;
			children = (
				3865DCC5188C13970044A0DC /* en */,
			);
			name = InfoPlist.strings;
			sourceTree = "<group>";
		};
/* End PBXVariantGroup section */

/* Begin XCBuildConfiguration section */
		3865DCC9188C13970044A0DC /* Debug */ = {
			isa = XCBuildConfiguration;
			buildSettings = {
				ALWAYS_SEARCH_USER_PATHS = NO;
				CLANG_CXX_LANGUAGE_STANDARD = "gnu++0x";
				CLANG_CXX_LIBRARY = "libc++";
				CLANG_ENABLE_MODULES = YES;
				CLANG_ENABLE_OBJC_ARC = YES;
				CLANG_WARN_BOOL_CONVERSION = YES;
				CLANG_WARN_CONSTANT_CONVERSION = YES;
				CLANG_WARN_DIRECT_OBJC_ISA_USAGE = YES_ERROR;
				CLANG_WARN_EMPTY_BODY = YES;
				CLANG_WARN_ENUM_CONVERSION = YES;
				CLANG_WARN_INT_CONVERSION = YES;
				CLANG_WARN_OBJC_ROOT_CLASS = YES_ERROR;
				CLANG_WARN__DUPLICATE_METHOD_MATCH = YES;
				"CODE_SIGN_IDENTITY[sdk=iphoneos*]" = "iPhone Developer";
				COPY_PHASE_STRIP = NO;
				GCC_C_LANGUAGE_STANDARD = gnu99;
				GCC_DYNAMIC_NO_PIC = NO;
				GCC_OPTIMIZATION_LEVEL = 0;
				GCC_PREPROCESSOR_DEFINITIONS = (
					"DEBUG=1",
					"$(inherited)",
				);
				GCC_SYMBOLS_PRIVATE_EXTERN = NO;
				GCC_WARN_64_TO_32_BIT_CONVERSION = YES;
				GCC_WARN_ABOUT_RETURN_TYPE = YES_ERROR;
				GCC_WARN_UNDECLARED_SELECTOR = YES;
				GCC_WARN_UNINITIALIZED_AUTOS = YES;
				GCC_WARN_UNUSED_FUNCTION = YES;
				GCC_WARN_UNUSED_VARIABLE = YES;
				IPHONEOS_DEPLOYMENT_TARGET = 7.0;
				ONLY_ACTIVE_ARCH = YES;
				SDKROOT = iphoneos;
				TARGETED_DEVICE_FAMILY = "1,2";
			};
			name = Debug;
		};
		3865DCCA188C13970044A0DC /* Release */ = {
			isa = XCBuildConfiguration;
			buildSettings = {
				ALWAYS_SEARCH_USER_PATHS = NO;
				CLANG_CXX_LANGUAGE_STANDARD = "gnu++0x";
				CLANG_CXX_LIBRARY = "libc++";
				CLANG_ENABLE_MODULES = YES;
				CLANG_ENABLE_OBJC_ARC = YES;
				CLANG_WARN_BOOL_CONVERSION = YES;
				CLANG_WARN_CONSTANT_CONVERSION = YES;
				CLANG_WARN_DIRECT_OBJC_ISA_USAGE = YES_ERROR;
				CLANG_WARN_EMPTY_BODY = YES;
				CLANG_WARN_ENUM_CONVERSION = YES;
				CLANG_WARN_INT_CONVERSION = YES;
				CLANG_WARN_OBJC_ROOT_CLASS = YES_ERROR;
				CLANG_WARN__DUPLICATE_METHOD_MATCH = YES;
				"CODE_SIGN_IDENTITY[sdk=iphoneos*]" = "iPhone Developer";
				COPY_PHASE_STRIP = YES;
				ENABLE_NS_ASSERTIONS = NO;
				GCC_C_LANGUAGE_STANDARD = gnu99;
				GCC_WARN_64_TO_32_BIT_CONVERSION = YES;
				GCC_WARN_ABOUT_RETURN_TYPE = YES_ERROR;
				GCC_WARN_UNDECLARED_SELECTOR = YES;
				GCC_WARN_UNINITIALIZED_AUTOS = YES;
				GCC_WARN_UNUSED_FUNCTION = YES;
				GCC_WARN_UNUSED_VARIABLE = YES;
				IPHONEOS_DEPLOYMENT_TARGET = 7.0;
				SDKROOT = iphoneos;
				TARGETED_DEVICE_FAMILY = "1,2";
				VALIDATE_PRODUCT = YES;
			};
			name = Release;
		};
		3865DCCC188C13970044A0DC /* Debug */ = {
			isa = XCBuildConfiguration;
			buildSettings = {
				ASSETCATALOG_COMPILER_APPICON_NAME = AppIcon;
				ASSETCATALOG_COMPILER_LAUNCHIMAGE_NAME = LaunchImage;
				FRAMEWORK_SEARCH_PATHS = (
					"$(inherited)",
					/Users/iraklivasha/Desktop/Taxi,
					"$(PROJECT_DIR)",
				);
				GCC_PRECOMPILE_PREFIX_HEADER = YES;
				GCC_PREFIX_HEADER = "Taxi/Taxi-Prefix.pch";
				INFOPLIST_FILE = "Taxi/Taxi-Info.plist";
				OTHER_LDFLAGS = "-ObjC";
				PRODUCT_NAME = "$(TARGET_NAME)";
				WRAPPER_EXTENSION = app;
			};
			name = Debug;
		};
		3865DCCD188C13970044A0DC /* Release */ = {
			isa = XCBuildConfiguration;
			buildSettings = {
				ASSETCATALOG_COMPILER_APPICON_NAME = AppIcon;
				ASSETCATALOG_COMPILER_LAUNCHIMAGE_NAME = LaunchImage;
				FRAMEWORK_SEARCH_PATHS = (
					"$(inherited)",
					/Users/iraklivasha/Desktop/Taxi,
					"$(PROJECT_DIR)",
				);
				GCC_PRECOMPILE_PREFIX_HEADER = YES;
				GCC_PREFIX_HEADER = "Taxi/Taxi-Prefix.pch";
				INFOPLIST_FILE = "Taxi/Taxi-Info.plist";
				OTHER_LDFLAGS = "-ObjC";
				PRODUCT_NAME = "$(TARGET_NAME)";
				WRAPPER_EXTENSION = app;
			};
			name = Release;
		};
		3865DCCF188C13970044A0DC /* Debug */ = {
			isa = XCBuildConfiguration;
			buildSettings = {
				BUNDLE_LOADER = "$(BUILT_PRODUCTS_DIR)/Taxi.app/Taxi";
				FRAMEWORK_SEARCH_PATHS = (
					"$(SDKROOT)/Developer/Library/Frameworks",
					"$(inherited)",
					"$(DEVELOPER_FRAMEWORKS_DIR)",
				);
				GCC_PRECOMPILE_PREFIX_HEADER = YES;
				GCC_PREFIX_HEADER = "Taxi/Taxi-Prefix.pch";
				GCC_PREPROCESSOR_DEFINITIONS = (
					"DEBUG=1",
					"$(inherited)",
				);
				INFOPLIST_FILE = "TaxiTests/TaxiTests-Info.plist";
				PRODUCT_NAME = "$(TARGET_NAME)";
				TEST_HOST = "$(BUNDLE_LOADER)";
				WRAPPER_EXTENSION = xctest;
			};
			name = Debug;
		};
		3865DCD0188C13970044A0DC /* Release */ = {
			isa = XCBuildConfiguration;
			buildSettings = {
				BUNDLE_LOADER = "$(BUILT_PRODUCTS_DIR)/Taxi.app/Taxi";
				FRAMEWORK_SEARCH_PATHS = (
					"$(SDKROOT)/Developer/Library/Frameworks",
					"$(inherited)",
					"$(DEVELOPER_FRAMEWORKS_DIR)",
				);
				GCC_PRECOMPILE_PREFIX_HEADER = YES;
				GCC_PREFIX_HEADER = "Taxi/Taxi-Prefix.pch";
				INFOPLIST_FILE = "TaxiTests/TaxiTests-Info.plist";
				PRODUCT_NAME = "$(TARGET_NAME)";
				TEST_HOST = "$(BUNDLE_LOADER)";
				WRAPPER_EXTENSION = xctest;
			};
			name = Release;
		};
/* End XCBuildConfiguration section */

/* Begin XCConfigurationList section */
		3865DC91188C13970044A0DC /* Build configuration list for PBXProject "Taxi" */ = {
			isa = XCConfigurationList;
			buildConfigurations = (
				3865DCC9188C13970044A0DC /* Debug */,
				3865DCCA188C13970044A0DC /* Release */,
			);
			defaultConfigurationIsVisible = 0;
			defaultConfigurationName = Release;
		};
		3865DCCB188C13970044A0DC /* Build configuration list for PBXNativeTarget "Taxi" */ = {
			isa = XCConfigurationList;
			buildConfigurations = (
				3865DCCC188C13970044A0DC /* Debug */,
				3865DCCD188C13970044A0DC /* Release */,
			);
			defaultConfigurationIsVisible = 0;
			defaultConfigurationName = Release;
		};
		3865DCCE188C13970044A0DC /* Build configuration list for PBXNativeTarget "TaxiTests" */ = {
			isa = XCConfigurationList;
			buildConfigurations = (
				3865DCCF188C13970044A0DC /* Debug */,
				3865DCD0188C13970044A0DC /* Release */,
			);
			defaultConfigurationIsVisible = 0;
			defaultConfigurationName = Release;
		};
/* End XCConfigurationList section */
	};
	rootObject = 3865DC8E188C13970044A0DC /* Project object */;
}
